// !$*UTF8*$!
{
	archiveVersion = 1;
	classes = {
	};
	objectVersion = 46;
	objects = {

/* Begin PBXBuildFile section */
		4C1650CD18E50CA1000336FD /* Foundation.framework in Frameworks */ = {isa = PBXBuildFile; fileRef = 4C1650CC18E50CA1000336FD /* Foundation.framework */; };
		4C1650CF18E50CA1000336FD /* CoreGraphics.framework in Frameworks */ = {isa = PBXBuildFile; fileRef = 4C1650CE18E50CA1000336FD /* CoreGraphics.framework */; };
		4C1650D118E50CA1000336FD /* UIKit.framework in Frameworks */ = {isa = PBXBuildFile; fileRef = 4C1650D018E50CA1000336FD /* UIKit.framework */; };
		4C1650D918E50CA1000336FD /* main.m in Sources */ = {isa = PBXBuildFile; fileRef = 4C1650D818E50CA1000336FD /* main.m */; };
		4C1650DD18E50CA1000336FD /* AppDelegate.m in Sources */ = {isa = PBXBuildFile; fileRef = 4C1650DC18E50CA1000336FD /* AppDelegate.m */; };
		4C1650DF18E50CA1000336FD /* Images.xcassets in Resources */ = {isa = PBXBuildFile; fileRef = 4C1650DE18E50CA1000336FD /* Images.xcassets */; };
		4C8145AB18E5133900FA565A /* AppDelegateSpec.mm in Sources */ = {isa = PBXBuildFile; fileRef = 4C8145A718E5133900FA565A /* AppDelegateSpec.mm */; };
		4C8145AC18E5133900FA565A /* SpecHelper+BestPractices.m in Sources */ = {isa = PBXBuildFile; fileRef = 4C8145A918E5133900FA565A /* SpecHelper+BestPractices.m */; };
		4C8145BC18E5169700FA565A /* ViewController.m in Sources */ = {isa = PBXBuildFile; fileRef = 4C8145B818E5169700FA565A /* ViewController.m */; };
		4C8145BD18E5169700FA565A /* ViewController.m in Sources */ = {isa = PBXBuildFile; fileRef = 4C8145B818E5169700FA565A /* ViewController.m */; };
		4C8145BE18E5169700FA565A /* UIModule.m in Sources */ = {isa = PBXBuildFile; fileRef = 4C8145BB18E5169700FA565A /* UIModule.m */; };
		4C8145BF18E5169700FA565A /* UIModule.m in Sources */ = {isa = PBXBuildFile; fileRef = 4C8145BB18E5169700FA565A /* UIModule.m */; };
		4C8145C218E5173700FA565A /* InjectorKeys.m in Sources */ = {isa = PBXBuildFile; fileRef = 4C8145C118E5173700FA565A /* InjectorKeys.m */; };
		4C8145C318E5173700FA565A /* InjectorKeys.m in Sources */ = {isa = PBXBuildFile; fileRef = 4C8145C118E5173700FA565A /* InjectorKeys.m */; };
		4C8145C618E5182600FA565A /* UIModuleSpec.mm in Sources */ = {isa = PBXBuildFile; fileRef = 4C8145C518E5182600FA565A /* UIModuleSpec.mm */; };
		4C8145C918E5194900FA565A /* ViewControllerSpec.mm in Sources */ = {isa = PBXBuildFile; fileRef = 4C8145C818E5194900FA565A /* ViewControllerSpec.mm */; };
		4CA3C85B18E77B3B0082556D /* CellPresenterDataSource.m in Sources */ = {isa = PBXBuildFile; fileRef = 4CA3C85A18E77B3B0082556D /* CellPresenterDataSource.m */; };
		4CA3C85C18E77B3B0082556D /* CellPresenterDataSource.m in Sources */ = {isa = PBXBuildFile; fileRef = 4CA3C85A18E77B3B0082556D /* CellPresenterDataSource.m */; };
		4CA3C85F18E77BB70082556D /* ArtistsPresenter.m in Sources */ = {isa = PBXBuildFile; fileRef = 4CA3C85E18E77BB70082556D /* ArtistsPresenter.m */; };
		4CA3C86018E77BB70082556D /* ArtistsPresenter.m in Sources */ = {isa = PBXBuildFile; fileRef = 4CA3C85E18E77BB70082556D /* ArtistsPresenter.m */; };
		4CA3C86418E77C840082556D /* APIClient.m in Sources */ = {isa = PBXBuildFile; fileRef = 4CA3C86318E77C840082556D /* APIClient.m */; };
		4CA3C86518E77C840082556D /* APIClient.m in Sources */ = {isa = PBXBuildFile; fileRef = 4CA3C86318E77C840082556D /* APIClient.m */; };
		4CA3C88318E78E070082556D /* CellPresenterDataSourceSpec.mm in Sources */ = {isa = PBXBuildFile; fileRef = 4CA3C88218E78E070082556D /* CellPresenterDataSourceSpec.mm */; };
		4CA4824818E50EE900E524B6 /* UIKit.framework in Frameworks */ = {isa = PBXBuildFile; fileRef = 4C1650D018E50CA1000336FD /* UIKit.framework */; };
		4CA4824918E50EE900E524B6 /* Foundation.framework in Frameworks */ = {isa = PBXBuildFile; fileRef = 4C1650CC18E50CA1000336FD /* Foundation.framework */; };
		4CA4824A18E50EE900E524B6 /* CoreGraphics.framework in Frameworks */ = {isa = PBXBuildFile; fileRef = 4C1650CE18E50CA1000336FD /* CoreGraphics.framework */; };
		4CA4825218E50EE900E524B6 /* main.m in Sources */ = {isa = PBXBuildFile; fileRef = 4CA4825118E50EE900E524B6 /* main.m */; };
		4CA4825C18E50F0E00E524B6 /* AppDelegate.m in Sources */ = {isa = PBXBuildFile; fileRef = 4C1650DC18E50CA1000336FD /* AppDelegate.m */; };
		4CA4825D18E50F1100E524B6 /* Images.xcassets in Resources */ = {isa = PBXBuildFile; fileRef = 4C1650DE18E50CA1000336FD /* Images.xcassets */; };
		4CA4826018E50FB300E524B6 /* libCedar-StaticLib.a in Frameworks */ = {isa = PBXBuildFile; fileRef = 4C833A9F18E50DD30011D3C3 /* libCedar-StaticLib.a */; };
		4CA4827118E5100B00E524B6 /* libBlindside-StaticLib.a in Frameworks */ = {isa = PBXBuildFile; fileRef = 4CA4826E18E50FF800E524B6 /* libBlindside-StaticLib.a */; };
		4CA4827418E5101400E524B6 /* libBlindside-StaticLib.a in Frameworks */ = {isa = PBXBuildFile; fileRef = 4CA4826E18E50FF800E524B6 /* libBlindside-StaticLib.a */; };
		4CA4828418E5107C00E524B6 /* libDeferred.a in Frameworks */ = {isa = PBXBuildFile; fileRef = 4CA4827D18E5106800E524B6 /* libDeferred.a */; };
		4CA4828718E5108900E524B6 /* libDeferred.a in Frameworks */ = {isa = PBXBuildFile; fileRef = 4CA4827D18E5106800E524B6 /* libDeferred.a */; };
		4CAA2CF018E79C9B00488E9B /* Artist.m in Sources */ = {isa = PBXBuildFile; fileRef = 4CAA2CEF18E79C9B00488E9B /* Artist.m */; };
		4CAA2CF118E79C9B00488E9B /* Artist.m in Sources */ = {isa = PBXBuildFile; fileRef = 4CAA2CEF18E79C9B00488E9B /* Artist.m */; };
		4CAA2CF418E79CEA00488E9B /* ArtistCellPresenter.m in Sources */ = {isa = PBXBuildFile; fileRef = 4CAA2CF318E79CEA00488E9B /* ArtistCellPresenter.m */; };
		4CAA2CF518E79CEA00488E9B /* ArtistCellPresenter.m in Sources */ = {isa = PBXBuildFile; fileRef = 4CAA2CF318E79CEA00488E9B /* ArtistCellPresenter.m */; };
		AE0D92EC18EF5BE40043F06A /* ArtistCellPresenterSpec.mm in Sources */ = {isa = PBXBuildFile; fileRef = AE0D92EB18EF5BE40043F06A /* ArtistCellPresenterSpec.mm */; };
		AE0D92FD18EF6B2F0043F06A /* ArtistsPresenterSpec.mm in Sources */ = {isa = PBXBuildFile; fileRef = AE0D92FC18EF6B2F0043F06A /* ArtistsPresenterSpec.mm */; };
		AE0D930118EF6CB30043F06A /* FakeCellPresenterDataSource.m in Sources */ = {isa = PBXBuildFile; fileRef = AE0D930018EF6CB30043F06A /* FakeCellPresenterDataSource.m */; };
/* End PBXBuildFile section */

/* Begin PBXContainerItemProxy section */
		4C833A9818E50DD30011D3C3 /* PBXContainerItemProxy */ = {
			isa = PBXContainerItemProxy;
			containerPortal = 4C833A8A18E50DD30011D3C3 /* Cedar.xcodeproj */;
			proxyType = 2;
			remoteGlobalIDString = AEEE1FB611DC271300029872;
			remoteInfo = Cedar;
		};
		4C833A9A18E50DD30011D3C3 /* PBXContainerItemProxy */ = {
			isa = PBXContainerItemProxy;
			containerPortal = 4C833A8A18E50DD30011D3C3 /* Cedar.xcodeproj */;
			proxyType = 2;
			remoteGlobalIDString = AEEE218611DC28E200029872;
			remoteInfo = Specs;
		};
		4C833A9C18E50DD30011D3C3 /* PBXContainerItemProxy */ = {
			isa = PBXContainerItemProxy;
			containerPortal = 4C833A8A18E50DD30011D3C3 /* Cedar.xcodeproj */;
			proxyType = 2;
			remoteGlobalIDString = 96A07F0813F276640021974D;
			remoteInfo = FocusedSpecs;
		};
		4C833A9E18E50DD30011D3C3 /* PBXContainerItemProxy */ = {
			isa = PBXContainerItemProxy;
			containerPortal = 4C833A8A18E50DD30011D3C3 /* Cedar.xcodeproj */;
			proxyType = 2;
			remoteGlobalIDString = AEEE222911DC2B0600029872;
			remoteInfo = "Cedar-StaticLib";
		};
		4C833AA018E50DD30011D3C3 /* PBXContainerItemProxy */ = {
			isa = PBXContainerItemProxy;
			containerPortal = 4C833A8A18E50DD30011D3C3 /* Cedar.xcodeproj */;
			proxyType = 2;
			remoteGlobalIDString = AEEE227611DC2CF900029872;
			remoteInfo = iOSSpecs;
		};
		4C833AA218E50DD30011D3C3 /* PBXContainerItemProxy */ = {
			isa = PBXContainerItemProxy;
			containerPortal = 4C833A8A18E50DD30011D3C3 /* Cedar.xcodeproj */;
			proxyType = 2;
			remoteGlobalIDString = AE02E7E4184EABCD00414F19;
			remoteInfo = iOSFrameworkSpecs;
		};
		4C833AA418E50DD30011D3C3 /* PBXContainerItemProxy */ = {
			isa = PBXContainerItemProxy;
			containerPortal = 4C833A8A18E50DD30011D3C3 /* Cedar.xcodeproj */;
			proxyType = 2;
			remoteGlobalIDString = 96B5F9F6144A81A7000A6A5D;
			remoteInfo = OCUnitApp;
		};
		4C833AA618E50DD30011D3C3 /* PBXContainerItemProxy */ = {
			isa = PBXContainerItemProxy;
			containerPortal = 4C833A8A18E50DD30011D3C3 /* Cedar.xcodeproj */;
			proxyType = 2;
			remoteGlobalIDString = 96B5FA11144A81A8000A6A5D;
			remoteInfo = OCUnitAppTests;
		};
		4C833AA818E50DD30011D3C3 /* PBXContainerItemProxy */ = {
			isa = PBXContainerItemProxy;
			containerPortal = 4C833A8A18E50DD30011D3C3 /* Cedar.xcodeproj */;
			proxyType = 2;
			remoteGlobalIDString = 1F45A3DD180E4796003C1E36;
			remoteInfo = XCUnitAppTests;
		};
		4C833AAA18E50DD30011D3C3 /* PBXContainerItemProxy */ = {
			isa = PBXContainerItemProxy;
			containerPortal = 4C833A8A18E50DD30011D3C3 /* Cedar.xcodeproj */;
			proxyType = 2;
			remoteGlobalIDString = 96158A86144A915E005895CE;
			remoteInfo = OCUnitAppLogicTests;
		};
		4CA4825E18E50FAE00E524B6 /* PBXContainerItemProxy */ = {
			isa = PBXContainerItemProxy;
			containerPortal = 4C833A8A18E50DD30011D3C3 /* Cedar.xcodeproj */;
			proxyType = 1;
			remoteGlobalIDString = AEEE222811DC2B0600029872;
			remoteInfo = "Cedar-StaticLib";
		};
		4CA4826918E50FF800E524B6 /* PBXContainerItemProxy */ = {
			isa = PBXContainerItemProxy;
			containerPortal = 4CA4826118E50FF800E524B6 /* Blindside.xcodeproj */;
			proxyType = 2;
			remoteGlobalIDString = 29CAC6E4150292AD00731862;
			remoteInfo = Blindside;
		};
		4CA4826B18E50FF800E524B6 /* PBXContainerItemProxy */ = {
			isa = PBXContainerItemProxy;
			containerPortal = 4CA4826118E50FF800E524B6 /* Blindside.xcodeproj */;
			proxyType = 2;
			remoteGlobalIDString = 29CAC7001502932000731862;
			remoteInfo = Specs;
		};
		4CA4826D18E50FF800E524B6 /* PBXContainerItemProxy */ = {
			isa = PBXContainerItemProxy;
			containerPortal = 4CA4826118E50FF800E524B6 /* Blindside.xcodeproj */;
			proxyType = 2;
			remoteGlobalIDString = 29997B471505EC0B00C12110;
			remoteInfo = "Blindside-StaticLib";
		};
		4CA4826F18E5100700E524B6 /* PBXContainerItemProxy */ = {
			isa = PBXContainerItemProxy;
			containerPortal = 4CA4826118E50FF800E524B6 /* Blindside.xcodeproj */;
			proxyType = 1;
			remoteGlobalIDString = 29997B461505EC0B00C12110;
			remoteInfo = "Blindside-StaticLib";
		};
		4CA4827218E5100F00E524B6 /* PBXContainerItemProxy */ = {
			isa = PBXContainerItemProxy;
			containerPortal = 4CA4826118E50FF800E524B6 /* Blindside.xcodeproj */;
			proxyType = 1;
			remoteGlobalIDString = 29997B461505EC0B00C12110;
			remoteInfo = "Blindside-StaticLib";
		};
		4CA4827C18E5106800E524B6 /* PBXContainerItemProxy */ = {
			isa = PBXContainerItemProxy;
			containerPortal = 4CA4827518E5106800E524B6 /* Deferred.xcodeproj */;
			proxyType = 2;
			remoteGlobalIDString = E18A7B1515674D9B0083D745;
			remoteInfo = Deferred;
		};
		4CA4827E18E5106800E524B6 /* PBXContainerItemProxy */ = {
			isa = PBXContainerItemProxy;
			containerPortal = 4CA4827518E5106800E524B6 /* Deferred.xcodeproj */;
			proxyType = 2;
			remoteGlobalIDString = E18A7B3015674EC20083D745;
			remoteInfo = "Deferred-OSX";
		};
		4CA4828018E5106800E524B6 /* PBXContainerItemProxy */ = {
			isa = PBXContainerItemProxy;
			containerPortal = 4CA4827518E5106800E524B6 /* Deferred.xcodeproj */;
			proxyType = 2;
			remoteGlobalIDString = E18A7B4415674ED10083D745;
			remoteInfo = Specs;
		};
		4CA4828218E5107700E524B6 /* PBXContainerItemProxy */ = {
			isa = PBXContainerItemProxy;
			containerPortal = 4CA4827518E5106800E524B6 /* Deferred.xcodeproj */;
			proxyType = 1;
			remoteGlobalIDString = E18A7B1415674D9B0083D745;
			remoteInfo = Deferred;
		};
		4CA4828518E5108200E524B6 /* PBXContainerItemProxy */ = {
			isa = PBXContainerItemProxy;
			containerPortal = 4CA4827518E5106800E524B6 /* Deferred.xcodeproj */;
			proxyType = 1;
			remoteGlobalIDString = E18A7B1415674D9B0083D745;
			remoteInfo = Deferred;
		};
/* End PBXContainerItemProxy section */

/* Begin PBXFileReference section */
		4C1650C918E50CA1000336FD /* BestPractices.app */ = {isa = PBXFileReference; explicitFileType = wrapper.application; includeInIndex = 0; path = BestPractices.app; sourceTree = BUILT_PRODUCTS_DIR; };
		4C1650CC18E50CA1000336FD /* Foundation.framework */ = {isa = PBXFileReference; lastKnownFileType = wrapper.framework; name = Foundation.framework; path = System/Library/Frameworks/Foundation.framework; sourceTree = SDKROOT; };
		4C1650CE18E50CA1000336FD /* CoreGraphics.framework */ = {isa = PBXFileReference; lastKnownFileType = wrapper.framework; name = CoreGraphics.framework; path = System/Library/Frameworks/CoreGraphics.framework; sourceTree = SDKROOT; };
		4C1650D018E50CA1000336FD /* UIKit.framework */ = {isa = PBXFileReference; lastKnownFileType = wrapper.framework; name = UIKit.framework; path = System/Library/Frameworks/UIKit.framework; sourceTree = SDKROOT; };
		4C1650D418E50CA1000336FD /* BestPractices-Info.plist */ = {isa = PBXFileReference; lastKnownFileType = text.plist.xml; path = "BestPractices-Info.plist"; sourceTree = "<group>"; };
		4C1650D818E50CA1000336FD /* main.m */ = {isa = PBXFileReference; lastKnownFileType = sourcecode.c.objc; path = main.m; sourceTree = "<group>"; };
		4C1650DA18E50CA1000336FD /* BestPractices-Prefix.pch */ = {isa = PBXFileReference; lastKnownFileType = sourcecode.c.h; path = "BestPractices-Prefix.pch"; sourceTree = "<group>"; };
		4C1650DB18E50CA1000336FD /* AppDelegate.h */ = {isa = PBXFileReference; lastKnownFileType = sourcecode.c.h; path = AppDelegate.h; sourceTree = "<group>"; };
		4C1650DC18E50CA1000336FD /* AppDelegate.m */ = {isa = PBXFileReference; lastKnownFileType = sourcecode.c.objc; path = AppDelegate.m; sourceTree = "<group>"; };
		4C1650DE18E50CA1000336FD /* Images.xcassets */ = {isa = PBXFileReference; lastKnownFileType = folder.assetcatalog; path = Images.xcassets; sourceTree = "<group>"; };
		4C1650E518E50CA1000336FD /* XCTest.framework */ = {isa = PBXFileReference; lastKnownFileType = wrapper.framework; name = XCTest.framework; path = Library/Frameworks/XCTest.framework; sourceTree = DEVELOPER_DIR; };
		4C8145A718E5133900FA565A /* AppDelegateSpec.mm */ = {isa = PBXFileReference; fileEncoding = 4; lastKnownFileType = sourcecode.cpp.objcpp; path = AppDelegateSpec.mm; sourceTree = "<group>"; };
		4C8145A818E5133900FA565A /* SpecHelper+BestPractices.h */ = {isa = PBXFileReference; fileEncoding = 4; lastKnownFileType = sourcecode.c.h; path = "SpecHelper+BestPractices.h"; sourceTree = "<group>"; };
		4C8145A918E5133900FA565A /* SpecHelper+BestPractices.m */ = {isa = PBXFileReference; fileEncoding = 4; lastKnownFileType = sourcecode.c.objc; path = "SpecHelper+BestPractices.m"; sourceTree = "<group>"; };
		4C8145B718E5169700FA565A /* ViewController.h */ = {isa = PBXFileReference; fileEncoding = 4; lastKnownFileType = sourcecode.c.h; path = ViewController.h; sourceTree = "<group>"; };
		4C8145B818E5169700FA565A /* ViewController.m */ = {isa = PBXFileReference; fileEncoding = 4; lastKnownFileType = sourcecode.c.objc; path = ViewController.m; sourceTree = "<group>"; };
		4C8145BA18E5169700FA565A /* UIModule.h */ = {isa = PBXFileReference; fileEncoding = 4; lastKnownFileType = sourcecode.c.h; path = UIModule.h; sourceTree = "<group>"; };
		4C8145BB18E5169700FA565A /* UIModule.m */ = {isa = PBXFileReference; fileEncoding = 4; lastKnownFileType = sourcecode.c.objc; path = UIModule.m; sourceTree = "<group>"; };
		4C8145C018E5173700FA565A /* InjectorKeys.h */ = {isa = PBXFileReference; fileEncoding = 4; lastKnownFileType = sourcecode.c.h; path = InjectorKeys.h; sourceTree = "<group>"; };
		4C8145C118E5173700FA565A /* InjectorKeys.m */ = {isa = PBXFileReference; fileEncoding = 4; lastKnownFileType = sourcecode.c.objc; path = InjectorKeys.m; sourceTree = "<group>"; };
		4C8145C518E5182600FA565A /* UIModuleSpec.mm */ = {isa = PBXFileReference; fileEncoding = 4; lastKnownFileType = sourcecode.cpp.objcpp; path = UIModuleSpec.mm; sourceTree = "<group>"; };
		4C8145C818E5194900FA565A /* ViewControllerSpec.mm */ = {isa = PBXFileReference; fileEncoding = 4; lastKnownFileType = sourcecode.cpp.objcpp; path = ViewControllerSpec.mm; sourceTree = "<group>"; };
		4C833A8A18E50DD30011D3C3 /* Cedar.xcodeproj */ = {isa = PBXFileReference; lastKnownFileType = "wrapper.pb-project"; name = Cedar.xcodeproj; path = cedar/Cedar.xcodeproj; sourceTree = "<group>"; };
		4CA3C85918E77B3B0082556D /* CellPresenterDataSource.h */ = {isa = PBXFileReference; fileEncoding = 4; lastKnownFileType = sourcecode.c.h; path = CellPresenterDataSource.h; sourceTree = "<group>"; };
		4CA3C85A18E77B3B0082556D /* CellPresenterDataSource.m */ = {isa = PBXFileReference; fileEncoding = 4; lastKnownFileType = sourcecode.c.objc; path = CellPresenterDataSource.m; sourceTree = "<group>"; };
		4CA3C85D18E77BB70082556D /* ArtistsPresenter.h */ = {isa = PBXFileReference; fileEncoding = 4; lastKnownFileType = sourcecode.c.h; path = ArtistsPresenter.h; sourceTree = "<group>"; };
		4CA3C85E18E77BB70082556D /* ArtistsPresenter.m */ = {isa = PBXFileReference; fileEncoding = 4; lastKnownFileType = sourcecode.c.objc; path = ArtistsPresenter.m; sourceTree = "<group>"; };
		4CA3C86218E77C840082556D /* APIClient.h */ = {isa = PBXFileReference; fileEncoding = 4; lastKnownFileType = sourcecode.c.h; path = APIClient.h; sourceTree = "<group>"; };
		4CA3C86318E77C840082556D /* APIClient.m */ = {isa = PBXFileReference; fileEncoding = 4; lastKnownFileType = sourcecode.c.objc; path = APIClient.m; sourceTree = "<group>"; };
		4CA3C86B18E78A780082556D /* CellPresenter.h */ = {isa = PBXFileReference; lastKnownFileType = sourcecode.c.h; path = CellPresenter.h; sourceTree = "<group>"; };
		4CA3C88218E78E070082556D /* CellPresenterDataSourceSpec.mm */ = {isa = PBXFileReference; fileEncoding = 4; lastKnownFileType = sourcecode.cpp.objcpp; path = CellPresenterDataSourceSpec.mm; sourceTree = "<group>"; };
		4CA4824718E50EE900E524B6 /* Specs.app */ = {isa = PBXFileReference; explicitFileType = wrapper.application; includeInIndex = 0; path = Specs.app; sourceTree = BUILT_PRODUCTS_DIR; };
		4CA4824D18E50EE900E524B6 /* Specs-Info.plist */ = {isa = PBXFileReference; lastKnownFileType = text.plist.xml; path = "Specs-Info.plist"; sourceTree = "<group>"; };
		4CA4825118E50EE900E524B6 /* main.m */ = {isa = PBXFileReference; lastKnownFileType = sourcecode.c.objc; path = main.m; sourceTree = "<group>"; };
		4CA4825318E50EE900E524B6 /* Specs-Prefix.pch */ = {isa = PBXFileReference; lastKnownFileType = sourcecode.c.h; path = "Specs-Prefix.pch"; sourceTree = "<group>"; };
		4CA4826118E50FF800E524B6 /* Blindside.xcodeproj */ = {isa = PBXFileReference; lastKnownFileType = "wrapper.pb-project"; name = Blindside.xcodeproj; path = blindside/Blindside.xcodeproj; sourceTree = "<group>"; };
		4CA4827518E5106800E524B6 /* Deferred.xcodeproj */ = {isa = PBXFileReference; lastKnownFileType = "wrapper.pb-project"; name = Deferred.xcodeproj; path = deferred/Deferred.xcodeproj; sourceTree = "<group>"; };
		4CAA2CEE18E79C9B00488E9B /* Artist.h */ = {isa = PBXFileReference; fileEncoding = 4; lastKnownFileType = sourcecode.c.h; path = Artist.h; sourceTree = "<group>"; };
		4CAA2CEF18E79C9B00488E9B /* Artist.m */ = {isa = PBXFileReference; fileEncoding = 4; lastKnownFileType = sourcecode.c.objc; path = Artist.m; sourceTree = "<group>"; };
		4CAA2CF218E79CEA00488E9B /* ArtistCellPresenter.h */ = {isa = PBXFileReference; fileEncoding = 4; lastKnownFileType = sourcecode.c.h; path = ArtistCellPresenter.h; sourceTree = "<group>"; };
		4CAA2CF318E79CEA00488E9B /* ArtistCellPresenter.m */ = {isa = PBXFileReference; fileEncoding = 4; lastKnownFileType = sourcecode.c.objc; path = ArtistCellPresenter.m; sourceTree = "<group>"; };
		AE0D92EB18EF5BE40043F06A /* ArtistCellPresenterSpec.mm */ = {isa = PBXFileReference; fileEncoding = 4; lastKnownFileType = sourcecode.cpp.objcpp; path = ArtistCellPresenterSpec.mm; sourceTree = "<group>"; };
		AE0D92FC18EF6B2F0043F06A /* ArtistsPresenterSpec.mm */ = {isa = PBXFileReference; fileEncoding = 4; lastKnownFileType = sourcecode.cpp.objcpp; path = ArtistsPresenterSpec.mm; sourceTree = "<group>"; };
		AE0D92FF18EF6CB30043F06A /* FakeCellPresenterDataSource.h */ = {isa = PBXFileReference; fileEncoding = 4; lastKnownFileType = sourcecode.c.h; path = FakeCellPresenterDataSource.h; sourceTree = "<group>"; };
		AE0D930018EF6CB30043F06A /* FakeCellPresenterDataSource.m */ = {isa = PBXFileReference; fileEncoding = 4; lastKnownFileType = sourcecode.c.objc; path = FakeCellPresenterDataSource.m; sourceTree = "<group>"; };
/* End PBXFileReference section */

/* Begin PBXFrameworksBuildPhase section */
		4C1650C618E50CA1000336FD /* Frameworks */ = {
			isa = PBXFrameworksBuildPhase;
			buildActionMask = 2147483647;
			files = (
				4CA4827118E5100B00E524B6 /* libBlindside-StaticLib.a in Frameworks */,
				4CA4828418E5107C00E524B6 /* libDeferred.a in Frameworks */,
				4C1650CF18E50CA1000336FD /* CoreGraphics.framework in Frameworks */,
				4C1650D118E50CA1000336FD /* UIKit.framework in Frameworks */,
				4C1650CD18E50CA1000336FD /* Foundation.framework in Frameworks */,
			);
			runOnlyForDeploymentPostprocessing = 0;
		};
		4CA4824418E50EE900E524B6 /* Frameworks */ = {
			isa = PBXFrameworksBuildPhase;
			buildActionMask = 2147483647;
			files = (
				4CA4827418E5101400E524B6 /* libBlindside-StaticLib.a in Frameworks */,
				4CA4826018E50FB300E524B6 /* libCedar-StaticLib.a in Frameworks */,
				4CA4828718E5108900E524B6 /* libDeferred.a in Frameworks */,
				4CA4824A18E50EE900E524B6 /* CoreGraphics.framework in Frameworks */,
				4CA4824818E50EE900E524B6 /* UIKit.framework in Frameworks */,
				4CA4824918E50EE900E524B6 /* Foundation.framework in Frameworks */,
			);
			runOnlyForDeploymentPostprocessing = 0;
		};
/* End PBXFrameworksBuildPhase section */

/* Begin PBXGroup section */
		4C1650C018E50CA1000336FD = {
			isa = PBXGroup;
			children = (
				4C1650D218E50CA1000336FD /* BestPractices */,
				4C833A8918E50DBE0011D3C3 /* Externals */,
				4CA4824B18E50EE900E524B6 /* Specs */,
				4C1650CB18E50CA1000336FD /* Frameworks */,
				4C1650CA18E50CA1000336FD /* Products */,
			);
			sourceTree = "<group>";
		};
		4C1650CA18E50CA1000336FD /* Products */ = {
			isa = PBXGroup;
			children = (
				4C1650C918E50CA1000336FD /* BestPractices.app */,
				4CA4824718E50EE900E524B6 /* Specs.app */,
			);
			name = Products;
			sourceTree = "<group>";
		};
		4C1650CB18E50CA1000336FD /* Frameworks */ = {
			isa = PBXGroup;
			children = (
				4C1650CC18E50CA1000336FD /* Foundation.framework */,
				4C1650CE18E50CA1000336FD /* CoreGraphics.framework */,
				4C1650D018E50CA1000336FD /* UIKit.framework */,
				4C1650E518E50CA1000336FD /* XCTest.framework */,
			);
			name = Frameworks;
			sourceTree = "<group>";
		};
		4C1650D218E50CA1000336FD /* BestPractices */ = {
			isa = PBXGroup;
			children = (
				4C1650DB18E50CA1000336FD /* AppDelegate.h */,
				4C1650DC18E50CA1000336FD /* AppDelegate.m */,
				4C8145B618E5169700FA565A /* Controllers */,
				4C1650DE18E50CA1000336FD /* Images.xcassets */,
				4CAA2CED18E79C8A00488E9B /* Models */,
				4C8145B918E5169700FA565A /* Modules */,
				4CA3C86118E77C260082556D /* Network */,
				4CA3C84918E77B270082556D /* Presenters */,
				4C1650D318E50CA1000336FD /* Supporting Files */,
			);
			path = BestPractices;
			sourceTree = "<group>";
		};
		4C1650D318E50CA1000336FD /* Supporting Files */ = {
			isa = PBXGroup;
			children = (
				4C1650D418E50CA1000336FD /* BestPractices-Info.plist */,
				4C1650D818E50CA1000336FD /* main.m */,
				4C1650DA18E50CA1000336FD /* BestPractices-Prefix.pch */,
			);
			name = "Supporting Files";
			sourceTree = "<group>";
		};
		4C8145B618E5169700FA565A /* Controllers */ = {
			isa = PBXGroup;
			children = (
				4C8145B718E5169700FA565A /* ViewController.h */,
				4C8145B818E5169700FA565A /* ViewController.m */,
			);
			path = Controllers;
			sourceTree = "<group>";
		};
		4C8145B918E5169700FA565A /* Modules */ = {
			isa = PBXGroup;
			children = (
				4C8145C018E5173700FA565A /* InjectorKeys.h */,
				4C8145C118E5173700FA565A /* InjectorKeys.m */,
				4C8145BA18E5169700FA565A /* UIModule.h */,
				4C8145BB18E5169700FA565A /* UIModule.m */,
			);
			path = Modules;
			sourceTree = "<group>";
		};
		4C8145C418E5181200FA565A /* Modules */ = {
			isa = PBXGroup;
			children = (
				4C8145C518E5182600FA565A /* UIModuleSpec.mm */,
			);
			path = Modules;
			sourceTree = "<group>";
		};
		4C8145C718E5194900FA565A /* Controllers */ = {
			isa = PBXGroup;
			children = (
				4C8145C818E5194900FA565A /* ViewControllerSpec.mm */,
			);
			path = Controllers;
			sourceTree = "<group>";
		};
		4C833A8918E50DBE0011D3C3 /* Externals */ = {
			isa = PBXGroup;
			children = (
				4CA4826118E50FF800E524B6 /* Blindside.xcodeproj */,
				4C833A8A18E50DD30011D3C3 /* Cedar.xcodeproj */,
				4CA4827518E5106800E524B6 /* Deferred.xcodeproj */,
			);
			path = Externals;
			sourceTree = "<group>";
		};
		4C833A8B18E50DD30011D3C3 /* Products */ = {
			isa = PBXGroup;
			children = (
				4C833A9918E50DD30011D3C3 /* Cedar.framework */,
				4C833A9B18E50DD30011D3C3 /* Specs */,
				4C833A9D18E50DD30011D3C3 /* FocusedSpecs */,
				4C833A9F18E50DD30011D3C3 /* libCedar-StaticLib.a */,
				4C833AA118E50DD30011D3C3 /* iOSSpecs.app */,
				4C833AA318E50DD30011D3C3 /* iOSFrameworkSpecs.app */,
				4C833AA518E50DD30011D3C3 /* OCUnitApp.app */,
				4C833AA718E50DD30011D3C3 /* OCUnitAppTests.octest */,
				4C833AA918E50DD30011D3C3 /* XCUnitAppTests.xctest */,
				4C833AAB18E50DD30011D3C3 /* OCUnitAppLogicTests.octest */,
			);
			name = Products;
			sourceTree = "<group>";
		};
		4CA3C84918E77B270082556D /* Presenters */ = {
			isa = PBXGroup;
			children = (
				4CAA2CF218E79CEA00488E9B /* ArtistCellPresenter.h */,
				4CAA2CF318E79CEA00488E9B /* ArtistCellPresenter.m */,
				4CA3C85D18E77BB70082556D /* ArtistsPresenter.h */,
				4CA3C85E18E77BB70082556D /* ArtistsPresenter.m */,
				4CA3C86B18E78A780082556D /* CellPresenter.h */,
				4CA3C85918E77B3B0082556D /* CellPresenterDataSource.h */,
				4CA3C85A18E77B3B0082556D /* CellPresenterDataSource.m */,
			);
			path = Presenters;
			sourceTree = "<group>";
		};
		4CA3C86118E77C260082556D /* Network */ = {
			isa = PBXGroup;
			children = (
				4CA3C86218E77C840082556D /* APIClient.h */,
				4CA3C86318E77C840082556D /* APIClient.m */,
			);
			path = Network;
			sourceTree = "<group>";
		};
		4CA3C87B18E78AE20082556D /* Presenters */ = {
			isa = PBXGroup;
			children = (
				AE0D92EB18EF5BE40043F06A /* ArtistCellPresenterSpec.mm */,
				AE0D92FC18EF6B2F0043F06A /* ArtistsPresenterSpec.mm */,
				4CA3C88218E78E070082556D /* CellPresenterDataSourceSpec.mm */,
			);
			path = Presenters;
			sourceTree = "<group>";
		};
		4CA4824B18E50EE900E524B6 /* Specs */ = {
			isa = PBXGroup;
			children = (
				4C8145A718E5133900FA565A /* AppDelegateSpec.mm */,
				4C8145C718E5194900FA565A /* Controllers */,
				AE0D92FE18EF6C9E0043F06A /* Fakes */,
				4C8145C418E5181200FA565A /* Modules */,
				4CA3C87B18E78AE20082556D /* Presenters */,
				4C8145A818E5133900FA565A /* SpecHelper+BestPractices.h */,
				4C8145A918E5133900FA565A /* SpecHelper+BestPractices.m */,
				4CA4824C18E50EE900E524B6 /* Supporting Files */,
			);
			path = Specs;
			sourceTree = "<group>";
		};
		4CA4824C18E50EE900E524B6 /* Supporting Files */ = {
			isa = PBXGroup;
			children = (
				4CA4824D18E50EE900E524B6 /* Specs-Info.plist */,
				4CA4825118E50EE900E524B6 /* main.m */,
				4CA4825318E50EE900E524B6 /* Specs-Prefix.pch */,
			);
			name = "Supporting Files";
			sourceTree = "<group>";
		};
		4CA4826218E50FF800E524B6 /* Products */ = {
			isa = PBXGroup;
			children = (
				4CA4826A18E50FF800E524B6 /* Blindside.framework */,
				4CA4826C18E50FF800E524B6 /* Specs */,
				4CA4826E18E50FF800E524B6 /* libBlindside-StaticLib.a */,
			);
			name = Products;
			sourceTree = "<group>";
		};
		4CA4827618E5106800E524B6 /* Products */ = {
			isa = PBXGroup;
			children = (
				4CA4827D18E5106800E524B6 /* libDeferred.a */,
				4CA4827F18E5106800E524B6 /* libDeferred-OSX.a */,
				4CA4828118E5106800E524B6 /* Specs */,
			);
			name = Products;
			sourceTree = "<group>";
		};
		4CAA2CED18E79C8A00488E9B /* Models */ = {
			isa = PBXGroup;
			children = (
				4CAA2CEE18E79C9B00488E9B /* Artist.h */,
				4CAA2CEF18E79C9B00488E9B /* Artist.m */,
			);
			path = Models;
			sourceTree = "<group>";
		};
		AE0D92FE18EF6C9E0043F06A /* Fakes */ = {
			isa = PBXGroup;
			children = (
				AE0D92FF18EF6CB30043F06A /* FakeCellPresenterDataSource.h */,
				AE0D930018EF6CB30043F06A /* FakeCellPresenterDataSource.m */,
			);
			path = Fakes;
			sourceTree = "<group>";
		};
/* End PBXGroup section */

/* Begin PBXNativeTarget section */
		4C1650C818E50CA1000336FD /* BestPractices */ = {
			isa = PBXNativeTarget;
			buildConfigurationList = 4C1650F518E50CA1000336FD /* Build configuration list for PBXNativeTarget "BestPractices" */;
			buildPhases = (
				4C1650C518E50CA1000336FD /* Sources */,
				4C1650C618E50CA1000336FD /* Frameworks */,
				4C1650C718E50CA1000336FD /* Resources */,
			);
			buildRules = (
			);
			dependencies = (
				4CA4827018E5100700E524B6 /* PBXTargetDependency */,
				4CA4828318E5107700E524B6 /* PBXTargetDependency */,
			);
			name = BestPractices;
			productName = BestPractices;
			productReference = 4C1650C918E50CA1000336FD /* BestPractices.app */;
			productType = "com.apple.product-type.application";
		};
		4CA4824618E50EE900E524B6 /* Specs */ = {
			isa = PBXNativeTarget;
			buildConfigurationList = 4CA4825918E50EEA00E524B6 /* Build configuration list for PBXNativeTarget "Specs" */;
			buildPhases = (
				4CA4824318E50EE900E524B6 /* Sources */,
				4CA4824418E50EE900E524B6 /* Frameworks */,
				4CA4824518E50EE900E524B6 /* Resources */,
			);
			buildRules = (
			);
			dependencies = (
				4CA4827318E5100F00E524B6 /* PBXTargetDependency */,
				4CA4825F18E50FAE00E524B6 /* PBXTargetDependency */,
				4CA4828618E5108200E524B6 /* PBXTargetDependency */,
			);
			name = Specs;
			productName = Specs;
			productReference = 4CA4824718E50EE900E524B6 /* Specs.app */;
			productType = "com.apple.product-type.application";
		};
/* End PBXNativeTarget section */

/* Begin PBXProject section */
		4C1650C118E50CA1000336FD /* Project object */ = {
			isa = PBXProject;
			attributes = {
				LastUpgradeCheck = 0510;
				ORGANIZATIONNAME = CBG;
			};
			buildConfigurationList = 4C1650C418E50CA1000336FD /* Build configuration list for PBXProject "BestPractices" */;
			compatibilityVersion = "Xcode 3.2";
			developmentRegion = English;
			hasScannedForEncodings = 0;
			knownRegions = (
				en,
			);
			mainGroup = 4C1650C018E50CA1000336FD;
			productRefGroup = 4C1650CA18E50CA1000336FD /* Products */;
			projectDirPath = "";
			projectReferences = (
				{
					ProductGroup = 4CA4826218E50FF800E524B6 /* Products */;
					ProjectRef = 4CA4826118E50FF800E524B6 /* Blindside.xcodeproj */;
				},
				{
					ProductGroup = 4C833A8B18E50DD30011D3C3 /* Products */;
					ProjectRef = 4C833A8A18E50DD30011D3C3 /* Cedar.xcodeproj */;
				},
				{
					ProductGroup = 4CA4827618E5106800E524B6 /* Products */;
					ProjectRef = 4CA4827518E5106800E524B6 /* Deferred.xcodeproj */;
				},
			);
			projectRoot = "";
			targets = (
				4C1650C818E50CA1000336FD /* BestPractices */,
				4CA4824618E50EE900E524B6 /* Specs */,
			);
		};
/* End PBXProject section */

/* Begin PBXReferenceProxy section */
		4C833A9918E50DD30011D3C3 /* Cedar.framework */ = {
			isa = PBXReferenceProxy;
			fileType = wrapper.framework;
			path = Cedar.framework;
			remoteRef = 4C833A9818E50DD30011D3C3 /* PBXContainerItemProxy */;
			sourceTree = BUILT_PRODUCTS_DIR;
		};
		4C833A9B18E50DD30011D3C3 /* Specs */ = {
			isa = PBXReferenceProxy;
			fileType = "compiled.mach-o.executable";
			path = Specs;
			remoteRef = 4C833A9A18E50DD30011D3C3 /* PBXContainerItemProxy */;
			sourceTree = BUILT_PRODUCTS_DIR;
		};
		4C833A9D18E50DD30011D3C3 /* FocusedSpecs */ = {
			isa = PBXReferenceProxy;
			fileType = "compiled.mach-o.executable";
			path = FocusedSpecs;
			remoteRef = 4C833A9C18E50DD30011D3C3 /* PBXContainerItemProxy */;
			sourceTree = BUILT_PRODUCTS_DIR;
		};
		4C833A9F18E50DD30011D3C3 /* libCedar-StaticLib.a */ = {
			isa = PBXReferenceProxy;
			fileType = archive.ar;
			path = "libCedar-StaticLib.a";
			remoteRef = 4C833A9E18E50DD30011D3C3 /* PBXContainerItemProxy */;
			sourceTree = BUILT_PRODUCTS_DIR;
		};
		4C833AA118E50DD30011D3C3 /* iOSSpecs.app */ = {
			isa = PBXReferenceProxy;
			fileType = wrapper.application;
			path = iOSSpecs.app;
			remoteRef = 4C833AA018E50DD30011D3C3 /* PBXContainerItemProxy */;
			sourceTree = BUILT_PRODUCTS_DIR;
		};
		4C833AA318E50DD30011D3C3 /* iOSFrameworkSpecs.app */ = {
			isa = PBXReferenceProxy;
			fileType = wrapper.application;
			path = iOSFrameworkSpecs.app;
			remoteRef = 4C833AA218E50DD30011D3C3 /* PBXContainerItemProxy */;
			sourceTree = BUILT_PRODUCTS_DIR;
		};
		4C833AA518E50DD30011D3C3 /* OCUnitApp.app */ = {
			isa = PBXReferenceProxy;
			fileType = wrapper.application;
			path = OCUnitApp.app;
			remoteRef = 4C833AA418E50DD30011D3C3 /* PBXContainerItemProxy */;
			sourceTree = BUILT_PRODUCTS_DIR;
		};
		4C833AA718E50DD30011D3C3 /* OCUnitAppTests.octest */ = {
			isa = PBXReferenceProxy;
			fileType = wrapper.cfbundle;
			path = OCUnitAppTests.octest;
			remoteRef = 4C833AA618E50DD30011D3C3 /* PBXContainerItemProxy */;
			sourceTree = BUILT_PRODUCTS_DIR;
		};
		4C833AA918E50DD30011D3C3 /* XCUnitAppTests.xctest */ = {
			isa = PBXReferenceProxy;
			fileType = wrapper.cfbundle;
			path = XCUnitAppTests.xctest;
			remoteRef = 4C833AA818E50DD30011D3C3 /* PBXContainerItemProxy */;
			sourceTree = BUILT_PRODUCTS_DIR;
		};
		4C833AAB18E50DD30011D3C3 /* OCUnitAppLogicTests.octest */ = {
			isa = PBXReferenceProxy;
			fileType = wrapper.cfbundle;
			path = OCUnitAppLogicTests.octest;
			remoteRef = 4C833AAA18E50DD30011D3C3 /* PBXContainerItemProxy */;
			sourceTree = BUILT_PRODUCTS_DIR;
		};
		4CA4826A18E50FF800E524B6 /* Blindside.framework */ = {
			isa = PBXReferenceProxy;
			fileType = wrapper.framework;
			path = Blindside.framework;
			remoteRef = 4CA4826918E50FF800E524B6 /* PBXContainerItemProxy */;
			sourceTree = BUILT_PRODUCTS_DIR;
		};
		4CA4826C18E50FF800E524B6 /* Specs */ = {
			isa = PBXReferenceProxy;
			fileType = "compiled.mach-o.executable";
			path = Specs;
			remoteRef = 4CA4826B18E50FF800E524B6 /* PBXContainerItemProxy */;
			sourceTree = BUILT_PRODUCTS_DIR;
		};
		4CA4826E18E50FF800E524B6 /* libBlindside-StaticLib.a */ = {
			isa = PBXReferenceProxy;
			fileType = archive.ar;
			path = "libBlindside-StaticLib.a";
			remoteRef = 4CA4826D18E50FF800E524B6 /* PBXContainerItemProxy */;
			sourceTree = BUILT_PRODUCTS_DIR;
		};
		4CA4827D18E5106800E524B6 /* libDeferred.a */ = {
			isa = PBXReferenceProxy;
			fileType = archive.ar;
			path = libDeferred.a;
			remoteRef = 4CA4827C18E5106800E524B6 /* PBXContainerItemProxy */;
			sourceTree = BUILT_PRODUCTS_DIR;
		};
		4CA4827F18E5106800E524B6 /* libDeferred-OSX.a */ = {
			isa = PBXReferenceProxy;
			fileType = archive.ar;
			path = "libDeferred-OSX.a";
			remoteRef = 4CA4827E18E5106800E524B6 /* PBXContainerItemProxy */;
			sourceTree = BUILT_PRODUCTS_DIR;
		};
		4CA4828118E5106800E524B6 /* Specs */ = {
			isa = PBXReferenceProxy;
			fileType = "compiled.mach-o.executable";
			path = Specs;
			remoteRef = 4CA4828018E5106800E524B6 /* PBXContainerItemProxy */;
			sourceTree = BUILT_PRODUCTS_DIR;
		};
/* End PBXReferenceProxy section */

/* Begin PBXResourcesBuildPhase section */
		4C1650C718E50CA1000336FD /* Resources */ = {
			isa = PBXResourcesBuildPhase;
			buildActionMask = 2147483647;
			files = (
				4C1650DF18E50CA1000336FD /* Images.xcassets in Resources */,
			);
			runOnlyForDeploymentPostprocessing = 0;
		};
		4CA4824518E50EE900E524B6 /* Resources */ = {
			isa = PBXResourcesBuildPhase;
			buildActionMask = 2147483647;
			files = (
				4CA4825D18E50F1100E524B6 /* Images.xcassets in Resources */,
			);
			runOnlyForDeploymentPostprocessing = 0;
		};
/* End PBXResourcesBuildPhase section */

/* Begin PBXSourcesBuildPhase section */
		4C1650C518E50CA1000336FD /* Sources */ = {
			isa = PBXSourcesBuildPhase;
			buildActionMask = 2147483647;
			files = (
				4C8145C218E5173700FA565A /* InjectorKeys.m in Sources */,
				4CAA2CF418E79CEA00488E9B /* ArtistCellPresenter.m in Sources */,
				4CAA2CF018E79C9B00488E9B /* Artist.m in Sources */,
				4C8145BC18E5169700FA565A /* ViewController.m in Sources */,
				4C8145BE18E5169700FA565A /* UIModule.m in Sources */,
				4C1650DD18E50CA1000336FD /* AppDelegate.m in Sources */,
				4CA3C85F18E77BB70082556D /* ArtistsPresenter.m in Sources */,
				4C1650D918E50CA1000336FD /* main.m in Sources */,
				4CA3C85B18E77B3B0082556D /* CellPresenterDataSource.m in Sources */,
				4CA3C86418E77C840082556D /* APIClient.m in Sources */,
			);
			runOnlyForDeploymentPostprocessing = 0;
		};
		4CA4824318E50EE900E524B6 /* Sources */ = {
			isa = PBXSourcesBuildPhase;
			buildActionMask = 2147483647;
			files = (
				4CA3C88318E78E070082556D /* CellPresenterDataSourceSpec.mm in Sources */,
				4C8145C318E5173700FA565A /* InjectorKeys.m in Sources */,
				4CA4825C18E50F0E00E524B6 /* AppDelegate.m in Sources */,
				4C8145AB18E5133900FA565A /* AppDelegateSpec.mm in Sources */,
				4CA4825218E50EE900E524B6 /* main.m in Sources */,
				4C8145BF18E5169700FA565A /* UIModule.m in Sources */,
				4CAA2CF518E79CEA00488E9B /* ArtistCellPresenter.m in Sources */,
				AE0D92EC18EF5BE40043F06A /* ArtistCellPresenterSpec.mm in Sources */,
				AE0D930118EF6CB30043F06A /* FakeCellPresenterDataSource.m in Sources */,
				4C8145AC18E5133900FA565A /* SpecHelper+BestPractices.m in Sources */,
				4C8145C618E5182600FA565A /* UIModuleSpec.mm in Sources */,
				4CAA2CF118E79C9B00488E9B /* Artist.m in Sources */,
				4CA3C86518E77C840082556D /* APIClient.m in Sources */,
				4CA3C86018E77BB70082556D /* ArtistsPresenter.m in Sources */,
				4CA3C85C18E77B3B0082556D /* CellPresenterDataSource.m in Sources */,
				4C8145C918E5194900FA565A /* ViewControllerSpec.mm in Sources */,
				4C8145BD18E5169700FA565A /* ViewController.m in Sources */,
				AE0D92FD18EF6B2F0043F06A /* ArtistsPresenterSpec.mm in Sources */,
			);
			runOnlyForDeploymentPostprocessing = 0;
		};
/* End PBXSourcesBuildPhase section */

/* Begin PBXTargetDependency section */
		4CA4825F18E50FAE00E524B6 /* PBXTargetDependency */ = {
			isa = PBXTargetDependency;
			name = "Cedar-StaticLib";
			targetProxy = 4CA4825E18E50FAE00E524B6 /* PBXContainerItemProxy */;
		};
		4CA4827018E5100700E524B6 /* PBXTargetDependency */ = {
			isa = PBXTargetDependency;
			name = "Blindside-StaticLib";
			targetProxy = 4CA4826F18E5100700E524B6 /* PBXContainerItemProxy */;
		};
		4CA4827318E5100F00E524B6 /* PBXTargetDependency */ = {
			isa = PBXTargetDependency;
			name = "Blindside-StaticLib";
			targetProxy = 4CA4827218E5100F00E524B6 /* PBXContainerItemProxy */;
		};
		4CA4828318E5107700E524B6 /* PBXTargetDependency */ = {
			isa = PBXTargetDependency;
			name = Deferred;
			targetProxy = 4CA4828218E5107700E524B6 /* PBXContainerItemProxy */;
		};
		4CA4828618E5108200E524B6 /* PBXTargetDependency */ = {
			isa = PBXTargetDependency;
			name = Deferred;
			targetProxy = 4CA4828518E5108200E524B6 /* PBXContainerItemProxy */;
		};
/* End PBXTargetDependency section */

/* Begin XCBuildConfiguration section */
		4C1650F318E50CA1000336FD /* Debug */ = {
			isa = XCBuildConfiguration;
			buildSettings = {
				ALWAYS_SEARCH_USER_PATHS = NO;
				CLANG_CXX_LANGUAGE_STANDARD = "gnu++0x";
				CLANG_CXX_LIBRARY = "libc++";
				CLANG_ENABLE_MODULES = YES;
				CLANG_ENABLE_OBJC_ARC = YES;
				CLANG_WARN_BOOL_CONVERSION = YES;
				CLANG_WARN_CONSTANT_CONVERSION = YES;
				CLANG_WARN_DIRECT_OBJC_ISA_USAGE = YES_ERROR;
				CLANG_WARN_EMPTY_BODY = YES;
				CLANG_WARN_ENUM_CONVERSION = YES;
				CLANG_WARN_INT_CONVERSION = YES;
				CLANG_WARN_OBJC_ROOT_CLASS = YES_ERROR;
				CLANG_WARN__DUPLICATE_METHOD_MATCH = YES;
				"CODE_SIGN_IDENTITY[sdk=iphoneos*]" = "iPhone Developer";
				COPY_PHASE_STRIP = NO;
				GCC_C_LANGUAGE_STANDARD = gnu99;
				GCC_DYNAMIC_NO_PIC = NO;
				GCC_OPTIMIZATION_LEVEL = 0;
				GCC_PREPROCESSOR_DEFINITIONS = (
					"DEBUG=1",
					"$(inherited)",
				);
				GCC_SYMBOLS_PRIVATE_EXTERN = NO;
				GCC_TREAT_WARNINGS_AS_ERRORS = YES;
				GCC_WARN_64_TO_32_BIT_CONVERSION = YES;
				GCC_WARN_ABOUT_RETURN_TYPE = YES_ERROR;
				GCC_WARN_UNDECLARED_SELECTOR = YES;
				GCC_WARN_UNINITIALIZED_AUTOS = YES_AGGRESSIVE;
				GCC_WARN_UNUSED_FUNCTION = YES;
				GCC_WARN_UNUSED_VARIABLE = YES;
				IPHONEOS_DEPLOYMENT_TARGET = 7.1;
				ONLY_ACTIVE_ARCH = YES;
				OTHER_LDFLAGS = (
					"-ObjC",
					"-all_load",
					"-lstdc++",
				);
				SDKROOT = iphoneos;
				USER_HEADER_SEARCH_PATHS = "$(PROJECT_DIR)/Externals/blindside/Headers $(PROJECT_DIR)/Externals/deferred/Deferred";
			};
			name = Debug;
		};
		4C1650F418E50CA1000336FD /* Release */ = {
			isa = XCBuildConfiguration;
			buildSettings = {
				ALWAYS_SEARCH_USER_PATHS = NO;
				CLANG_CXX_LANGUAGE_STANDARD = "gnu++0x";
				CLANG_CXX_LIBRARY = "libc++";
				CLANG_ENABLE_MODULES = YES;
				CLANG_ENABLE_OBJC_ARC = YES;
				CLANG_WARN_BOOL_CONVERSION = YES;
				CLANG_WARN_CONSTANT_CONVERSION = YES;
				CLANG_WARN_DIRECT_OBJC_ISA_USAGE = YES_ERROR;
				CLANG_WARN_EMPTY_BODY = YES;
				CLANG_WARN_ENUM_CONVERSION = YES;
				CLANG_WARN_INT_CONVERSION = YES;
				CLANG_WARN_OBJC_ROOT_CLASS = YES_ERROR;
				CLANG_WARN__DUPLICATE_METHOD_MATCH = YES;
				"CODE_SIGN_IDENTITY[sdk=iphoneos*]" = "iPhone Developer";
				COPY_PHASE_STRIP = YES;
				ENABLE_NS_ASSERTIONS = NO;
				GCC_C_LANGUAGE_STANDARD = gnu99;
				GCC_TREAT_WARNINGS_AS_ERRORS = YES;
				GCC_WARN_64_TO_32_BIT_CONVERSION = YES;
				GCC_WARN_ABOUT_RETURN_TYPE = YES_ERROR;
				GCC_WARN_UNDECLARED_SELECTOR = YES;
				GCC_WARN_UNINITIALIZED_AUTOS = YES_AGGRESSIVE;
				GCC_WARN_UNUSED_FUNCTION = YES;
				GCC_WARN_UNUSED_VARIABLE = YES;
				IPHONEOS_DEPLOYMENT_TARGET = 7.1;
				OTHER_LDFLAGS = (
					"-ObjC",
					"-all_load",
					"-lstdc++",
				);
				SDKROOT = iphoneos;
				USER_HEADER_SEARCH_PATHS = "$(PROJECT_DIR)/Externals/blindside/Headers $(PROJECT_DIR)/Externals/deferred/Deferred";
				VALIDATE_PRODUCT = YES;
			};
			name = Release;
		};
		4C1650F618E50CA1000336FD /* Debug */ = {
			isa = XCBuildConfiguration;
			buildSettings = {
				ASSETCATALOG_COMPILER_APPICON_NAME = AppIcon;
				ASSETCATALOG_COMPILER_LAUNCHIMAGE_NAME = LaunchImage;
				GCC_PRECOMPILE_PREFIX_HEADER = YES;
				GCC_PREFIX_HEADER = "BestPractices/BestPractices-Prefix.pch";
				INFOPLIST_FILE = "BestPractices/BestPractices-Info.plist";
				PRODUCT_NAME = "$(TARGET_NAME)";
				WRAPPER_EXTENSION = app;
			};
			name = Debug;
		};
		4C1650F718E50CA1000336FD /* Release */ = {
			isa = XCBuildConfiguration;
			buildSettings = {
				ASSETCATALOG_COMPILER_APPICON_NAME = AppIcon;
				ASSETCATALOG_COMPILER_LAUNCHIMAGE_NAME = LaunchImage;
				GCC_PRECOMPILE_PREFIX_HEADER = YES;
				GCC_PREFIX_HEADER = "BestPractices/BestPractices-Prefix.pch";
				INFOPLIST_FILE = "BestPractices/BestPractices-Info.plist";
				PRODUCT_NAME = "$(TARGET_NAME)";
				WRAPPER_EXTENSION = app;
			};
			name = Release;
		};
		4CA4825A18E50EEA00E524B6 /* Debug */ = {
			isa = XCBuildConfiguration;
			buildSettings = {
				ASSETCATALOG_COMPILER_APPICON_NAME = AppIcon;
				ASSETCATALOG_COMPILER_LAUNCHIMAGE_NAME = LaunchImage;
				GCC_PRECOMPILE_PREFIX_HEADER = YES;
				GCC_PREFIX_HEADER = "Specs/Specs-Prefix.pch";
				INFOPLIST_FILE = "Specs/Specs-Info.plist";
				PRODUCT_NAME = "$(TARGET_NAME)";
				USER_HEADER_SEARCH_PATHS = "$(inherited) $(PROJECT_DIR)/Externals/cedar/Source/Headers/**";
				WRAPPER_EXTENSION = app;
			};
			name = Debug;
		};
		4CA4825B18E50EEA00E524B6 /* Release */ = {
			isa = XCBuildConfiguration;
			buildSettings = {
				ASSETCATALOG_COMPILER_APPICON_NAME = AppIcon;
				ASSETCATALOG_COMPILER_LAUNCHIMAGE_NAME = LaunchImage;
				GCC_PRECOMPILE_PREFIX_HEADER = YES;
				GCC_PREFIX_HEADER = "Specs/Specs-Prefix.pch";
				INFOPLIST_FILE = "Specs/Specs-Info.plist";
				OTHER_CFLAGS = "-DNS_BLOCK_ASSERTIONS=1";
				PRODUCT_NAME = "$(TARGET_NAME)";
				USER_HEADER_SEARCH_PATHS = "$(inherited) $(PROJECT_DIR)/Externals/cedar/Source/Headers/**";
				WRAPPER_EXTENSION = app;
			};
			name = Release;
		};
/* End XCBuildConfiguration section */

/* Begin XCConfigurationList section */
		4C1650C418E50CA1000336FD /* Build configuration list for PBXProject "BestPractices" */ = {
			isa = XCConfigurationList;
			buildConfigurations = (
				4C1650F318E50CA1000336FD /* Debug */,
				4C1650F418E50CA1000336FD /* Release */,
			);
			defaultConfigurationIsVisible = 0;
			defaultConfigurationName = Release;
		};
		4C1650F518E50CA1000336FD /* Build configuration list for PBXNativeTarget "BestPractices" */ = {
			isa = XCConfigurationList;
			buildConfigurations = (
				4C1650F618E50CA1000336FD /* Debug */,
				4C1650F718E50CA1000336FD /* Release */,
			);
			defaultConfigurationIsVisible = 0;
			defaultConfigurationName = Release;
		};
		4CA4825918E50EEA00E524B6 /* Build configuration list for PBXNativeTarget "Specs" */ = {
			isa = XCConfigurationList;
			buildConfigurations = (
				4CA4825A18E50EEA00E524B6 /* Debug */,
				4CA4825B18E50EEA00E524B6 /* Release */,
			);
			defaultConfigurationIsVisible = 0;
			defaultConfigurationName = Release;
		};
/* End XCConfigurationList section */
	};
	rootObject = 4C1650C118E50CA1000336FD /* Project object */;
}
