// !$*UTF8*$!
{
	archiveVersion = 1;
	classes = {
	};
	objectVersion = 46;
	objects = {

/* Begin PBXBuildFile section */
		2225F7DA142A2DA92BDB35F5 /* JSONClient.m in Sources */ = {isa = PBXBuildFile; fileRef = 2225F8BA27105B8EC773EE8D /* JSONClient.m */; };
		2225F8685C87791451F87892 /* HTTPClient.m in Sources */ = {isa = PBXBuildFile; fileRef = 2225F31DE7A12821D08FB6D8 /* HTTPClient.m */; };
		2225FB3AEBA39757263BC8A9 /* NetworkModule.m in Sources */ = {isa = PBXBuildFile; fileRef = 2225FDE9BB696E631352A547 /* NetworkModule.m */; };
		2225FC41AAD3AC205BA2B147 /* ArtistViewController.m in Sources */ = {isa = PBXBuildFile; fileRef = 2225F182E9479D9347EBA74A /* ArtistViewController.m */; };
		2225FD911CE7FDBA49E61750 /* FoundationModule.m in Sources */ = {isa = PBXBuildFile; fileRef = 2225F7D69CE3204D81E2C21A /* FoundationModule.m */; };
		2225FE5BED01473F71B63378 /* InjectorProvider.m in Sources */ = {isa = PBXBuildFile; fileRef = 2225F92CBED5E79032067389 /* InjectorProvider.m */; };
		4C0B92FF1ACF5D7100DE75AC /* Launch Screen.xib in Resources */ = {isa = PBXBuildFile; fileRef = 4C0B92FE1ACF5D7100DE75AC /* Launch Screen.xib */; };
		4C1650CD18E50CA1000336FD /* Foundation.framework in Frameworks */ = {isa = PBXBuildFile; fileRef = 4C1650CC18E50CA1000336FD /* Foundation.framework */; };
		4C1650CF18E50CA1000336FD /* CoreGraphics.framework in Frameworks */ = {isa = PBXBuildFile; fileRef = 4C1650CE18E50CA1000336FD /* CoreGraphics.framework */; };
		4C1650D118E50CA1000336FD /* UIKit.framework in Frameworks */ = {isa = PBXBuildFile; fileRef = 4C1650D018E50CA1000336FD /* UIKit.framework */; };
		4C1650D918E50CA1000336FD /* main.m in Sources */ = {isa = PBXBuildFile; fileRef = 4C1650D818E50CA1000336FD /* main.m */; };
		4C1650DD18E50CA1000336FD /* AppDelegate.m in Sources */ = {isa = PBXBuildFile; fileRef = 4C1650DC18E50CA1000336FD /* AppDelegate.m */; };
		4C1650DF18E50CA1000336FD /* Images.xcassets in Resources */ = {isa = PBXBuildFile; fileRef = 4C1650DE18E50CA1000336FD /* Images.xcassets */; };
		4C18B1B61BC4E2E300CF54F4 /* AppDelegateSpec.mm in Sources */ = {isa = PBXBuildFile; fileRef = 4C8145A718E5133900FA565A /* AppDelegateSpec.mm */; settings = {ASSET_TAGS = (); }; };
		4C18B1B71BC4E2E700CF54F4 /* ArtistsViewControllerSpec.mm in Sources */ = {isa = PBXBuildFile; fileRef = 4C8145C818E5194900FA565A /* ArtistsViewControllerSpec.mm */; settings = {ASSET_TAGS = (); }; };
		4C18B1B81BC4E2EA00CF54F4 /* ArtistViewControllerSpec.mm in Sources */ = {isa = PBXBuildFile; fileRef = 2225F3025C16CE3BBA32DDE9 /* ArtistViewControllerSpec.mm */; settings = {ASSET_TAGS = (); }; };
		4C18B1B91BC4E2EF00CF54F4 /* FakeCellPresenterDataSource.m in Sources */ = {isa = PBXBuildFile; fileRef = AE0D930018EF6CB30043F06A /* FakeCellPresenterDataSource.m */; settings = {ASSET_TAGS = (); }; };
		4C18B1BA1BC4E2F300CF54F4 /* ArtistCellPresenterSpec.mm in Sources */ = {isa = PBXBuildFile; fileRef = AE0D92EB18EF5BE40043F06A /* ArtistCellPresenterSpec.mm */; settings = {ASSET_TAGS = (); }; };
		4C18B1BB1BC4E2F600CF54F4 /* ArtistsPresenterSpec.mm in Sources */ = {isa = PBXBuildFile; fileRef = AE0D92FC18EF6B2F0043F06A /* ArtistsPresenterSpec.mm */; settings = {ASSET_TAGS = (); }; };
		4C18B1BC1BC4E2F900CF54F4 /* CellPresenterDataSourceSpec.mm in Sources */ = {isa = PBXBuildFile; fileRef = 4CA3C88218E78E070082556D /* CellPresenterDataSourceSpec.mm */; settings = {ASSET_TAGS = (); }; };
		4C18B1BE1BC4E30800CF54F4 /* ArtistsServiceSpec.mm in Sources */ = {isa = PBXBuildFile; fileRef = 4CBB0C3F1AD0715F00F03491 /* ArtistsServiceSpec.mm */; settings = {ASSET_TAGS = (); }; };
		4C18B1BF1BC4E30800CF54F4 /* HTTPClientSpec.mm in Sources */ = {isa = PBXBuildFile; fileRef = 2225F6CA33682145B828BC8D /* HTTPClientSpec.mm */; settings = {ASSET_TAGS = (); }; };
		4C18B1C01BC4E30800CF54F4 /* JSONClientSpec.mm in Sources */ = {isa = PBXBuildFile; fileRef = 2225FF83F6A1F3603EF1DE61 /* JSONClientSpec.mm */; settings = {ASSET_TAGS = (); }; };
		4C18B1C11BC4E30800CF54F4 /* RequestProviderSpec.mm in Sources */ = {isa = PBXBuildFile; fileRef = 2225FBFF7DE7C89C66D1FA71 /* RequestProviderSpec.mm */; settings = {ASSET_TAGS = (); }; };
		4C18B1C21BC4E31000CF54F4 /* artists.json in Resources */ = {isa = PBXBuildFile; fileRef = 2225F5A602D89DA85B78DBD2 /* artists.json */; settings = {ASSET_TAGS = (); }; };
		4C18B1C51BC4E3D200CF54F4 /* libCedar-StaticLib.a in Frameworks */ = {isa = PBXBuildFile; fileRef = 4C833A9F18E50DD30011D3C3 /* libCedar-StaticLib.a */; };
		4C18B1CA1BC4E43900CF54F4 /* libUIKit+PivotalSpecHelper-StaticLib.a in Frameworks */ = {isa = PBXBuildFile; fileRef = 4C04CE051AF868DE005DA4D6 /* libUIKit+PivotalSpecHelper-StaticLib.a */; };
		4C18B1CB1BC4E43C00CF54F4 /* libUIKit+PivotalSpecHelperStubs-StaticLib.a in Frameworks */ = {isa = PBXBuildFile; fileRef = 4C04CE071AF868DE005DA4D6 /* libUIKit+PivotalSpecHelperStubs-StaticLib.a */; };
		4C8145BC18E5169700FA565A /* ArtistsViewController.m in Sources */ = {isa = PBXBuildFile; fileRef = 4C8145B818E5169700FA565A /* ArtistsViewController.m */; };
		4C8145BE18E5169700FA565A /* UIModule.m in Sources */ = {isa = PBXBuildFile; fileRef = 4C8145BB18E5169700FA565A /* UIModule.m */; };
		4C8145C218E5173700FA565A /* InjectorKeys.m in Sources */ = {isa = PBXBuildFile; fileRef = 4C8145C118E5173700FA565A /* InjectorKeys.m */; };
		4CA3C85B18E77B3B0082556D /* CellPresenterDataSource.m in Sources */ = {isa = PBXBuildFile; fileRef = 4CA3C85A18E77B3B0082556D /* CellPresenterDataSource.m */; };
		4CA3C85F18E77BB70082556D /* ArtistsPresenter.m in Sources */ = {isa = PBXBuildFile; fileRef = 4CA3C85E18E77BB70082556D /* ArtistsPresenter.m */; };
		4CA3C86418E77C840082556D /* ArtistsService.m in Sources */ = {isa = PBXBuildFile; fileRef = 4CA3C86318E77C840082556D /* ArtistsService.m */; };
		4CA4827118E5100B00E524B6 /* libBlindside-StaticLib.a in Frameworks */ = {isa = PBXBuildFile; fileRef = 4CA4826E18E50FF800E524B6 /* libBlindside-StaticLib.a */; };
		4CA4828418E5107C00E524B6 /* libDeferred.a in Frameworks */ = {isa = PBXBuildFile; fileRef = 4CA4827D18E5106800E524B6 /* libDeferred.a */; };
		4CAA2CF018E79C9B00488E9B /* Artist.m in Sources */ = {isa = PBXBuildFile; fileRef = 4CAA2CEF18E79C9B00488E9B /* Artist.m */; };
		4CAA2CF418E79CEA00488E9B /* ArtistCellPresenter.m in Sources */ = {isa = PBXBuildFile; fileRef = 4CAA2CF318E79CEA00488E9B /* ArtistCellPresenter.m */; };
		4CAB2EA71ACF600B002AB81E /* RequestProvider.m in Sources */ = {isa = PBXBuildFile; fileRef = 4CAB2EA61ACF600B002AB81E /* RequestProvider.m */; };
/* End PBXBuildFile section */

/* Begin PBXContainerItemProxy section */
		4C04CE021AF868DE005DA4D6 /* PBXContainerItemProxy */ = {
			isa = PBXContainerItemProxy;
			containerPortal = 4C04CDE51AF868DD005DA4D6 /* UIKit.xcodeproj */;
			proxyType = 2;
			remoteGlobalIDString = AEBCCC24168B999F0056EE83;
			remoteInfo = "UIKit+PivotalCore-StaticLib";
		};
		4C04CE041AF868DE005DA4D6 /* PBXContainerItemProxy */ = {
			isa = PBXContainerItemProxy;
			containerPortal = 4C04CDE51AF868DD005DA4D6 /* UIKit.xcodeproj */;
			proxyType = 2;
			remoteGlobalIDString = AEBCCC64168B9AF10056EE83;
			remoteInfo = "UIKit+PivotalSpecHelper-StaticLib";
		};
		4C04CE061AF868DE005DA4D6 /* PBXContainerItemProxy */ = {
			isa = PBXContainerItemProxy;
			containerPortal = 4C04CDE51AF868DD005DA4D6 /* UIKit.xcodeproj */;
			proxyType = 2;
			remoteGlobalIDString = AEC40C89174C203700474D2D;
			remoteInfo = "UIKit+PivotalSpecHelperStubs-StaticLib";
		};
		4C04CE081AF868DE005DA4D6 /* PBXContainerItemProxy */ = {
			isa = PBXContainerItemProxy;
			containerPortal = 4C04CDE51AF868DD005DA4D6 /* UIKit.xcodeproj */;
			proxyType = 2;
			remoteGlobalIDString = AEBCCC34168B99ED0056EE83;
			remoteInfo = "UIKit-StaticLibSpec";
		};
		4C04CE0A1AF868DE005DA4D6 /* PBXContainerItemProxy */ = {
			isa = PBXContainerItemProxy;
			containerPortal = 4C04CDE51AF868DD005DA4D6 /* UIKit.xcodeproj */;
			proxyType = 2;
			remoteGlobalIDString = AE118AA218D6B57000C90D6B;
			remoteInfo = "UIKit-StaticLibSpecBundle";
		};
		4C0B92EA1ACF598000DE75AC /* PBXContainerItemProxy */ = {
			isa = PBXContainerItemProxy;
			containerPortal = 4C833A8A18E50DD30011D3C3 /* Cedar.xcodeproj */;
			proxyType = 2;
			remoteGlobalIDString = AE248F9819DCD52500092C14;
			remoteInfo = "Cedar OS X Host App";
		};
		4C0B92EC1ACF598000DE75AC /* PBXContainerItemProxy */ = {
			isa = PBXContainerItemProxy;
			containerPortal = 4C833A8A18E50DD30011D3C3 /* Cedar.xcodeproj */;
			proxyType = 2;
			remoteGlobalIDString = AE248FAA19DCD52500092C14;
			remoteInfo = "Cedar OS X Host AppTests";
		};
		4C0B92F31ACF598000DE75AC /* PBXContainerItemProxy */ = {
			isa = PBXContainerItemProxy;
			containerPortal = 4CA4827518E5106800E524B6 /* Deferred.xcodeproj */;
			proxyType = 2;
			remoteGlobalIDString = AE68319B1A365DC600B1B815;
			remoteInfo = DeferredSpecs;
		};
		4C0B92F51ACF598000DE75AC /* PBXContainerItemProxy */ = {
			isa = PBXContainerItemProxy;
			containerPortal = 4CA4827518E5106800E524B6 /* Deferred.xcodeproj */;
			proxyType = 2;
			remoteGlobalIDString = AE68316C1A365CF600B1B815;
			remoteInfo = "Deferred-OSXSpecs";
		};
		4C18B1921BC4E27100CF54F4 /* PBXContainerItemProxy */ = {
			isa = PBXContainerItemProxy;
			containerPortal = 4CA4826118E50FF800E524B6 /* Blindside.xcodeproj */;
			proxyType = 2;
			remoteGlobalIDString = AE4864BD1B066F11005DB302;
			remoteInfo = "Blindside-iOS-Framework";
		};
		4C18B1941BC4E27100CF54F4 /* PBXContainerItemProxy */ = {
			isa = PBXContainerItemProxy;
			containerPortal = 4CA4826118E50FF800E524B6 /* Blindside.xcodeproj */;
			proxyType = 2;
			remoteGlobalIDString = AE03FC1A1B0A57DD00013784;
			remoteInfo = "Blindside-iOS-Framework BuildTest";
		};
		4C18B1961BC4E27100CF54F4 /* PBXContainerItemProxy */ = {
			isa = PBXContainerItemProxy;
			containerPortal = 4CA4826118E50FF800E524B6 /* Blindside.xcodeproj */;
			proxyType = 2;
			remoteGlobalIDString = 34E710AB1B9F85210088AB71;
			remoteInfo = "Blindside-watchOS";
		};
		4C18B1981BC4E27100CF54F4 /* PBXContainerItemProxy */ = {
			isa = PBXContainerItemProxy;
			containerPortal = 4CA4826118E50FF800E524B6 /* Blindside.xcodeproj */;
			proxyType = 2;
			remoteGlobalIDString = 34A18BD31B9F887200A65DB3;
			remoteInfo = "Blindside-watchOS BuildTest";
		};
		4C18B19A1BC4E27100CF54F4 /* PBXContainerItemProxy */ = {
			isa = PBXContainerItemProxy;
			containerPortal = 4CA4826118E50FF800E524B6 /* Blindside.xcodeproj */;
			proxyType = 2;
			remoteGlobalIDString = 34A18BDF1B9F887300A65DB3;
			remoteInfo = "Blindside-watchOS BuildTest Extension";
		};
		4C18B19E1BC4E27100CF54F4 /* PBXContainerItemProxy */ = {
			isa = PBXContainerItemProxy;
			containerPortal = 4C833A8A18E50DD30011D3C3 /* Cedar.xcodeproj */;
			proxyType = 2;
			remoteGlobalIDString = AE4864F81B067620005DB302;
			remoteInfo = "Cedar-iOS-Framework";
		};
		4C18B1A01BC4E27100CF54F4 /* PBXContainerItemProxy */ = {
			isa = PBXContainerItemProxy;
			containerPortal = 4C833A8A18E50DD30011D3C3 /* Cedar.xcodeproj */;
			proxyType = 2;
			remoteGlobalIDString = AE03FBE91B06C33B00013784;
			remoteInfo = "Cedar-iOS-Framework Specs";
		};
		4C18B1A41BC4E27100CF54F4 /* PBXContainerItemProxy */ = {
			isa = PBXContainerItemProxy;
			containerPortal = 4CA4827518E5106800E524B6 /* Deferred.xcodeproj */;
			proxyType = 2;
			remoteGlobalIDString = AE48646A1B0668A2005DB302;
			remoteInfo = "Deferred-iOS-Framework";
		};
		4C18B1A61BC4E27100CF54F4 /* PBXContainerItemProxy */ = {
			isa = PBXContainerItemProxy;
			containerPortal = 4CA4827518E5106800E524B6 /* Deferred.xcodeproj */;
			proxyType = 2;
			remoteGlobalIDString = AE4864931B066A10005DB302;
			remoteInfo = "Deferred-OSX-Framework";
		};
		4C18B1B11BC4E2CC00CF54F4 /* PBXContainerItemProxy */ = {
			isa = PBXContainerItemProxy;
			containerPortal = 4C1650C118E50CA1000336FD /* Project object */;
			proxyType = 1;
			remoteGlobalIDString = 4C1650C818E50CA1000336FD;
			remoteInfo = BestPractices;
		};
		4C18B1C31BC4E3CD00CF54F4 /* PBXContainerItemProxy */ = {
			isa = PBXContainerItemProxy;
			containerPortal = 4C833A8A18E50DD30011D3C3 /* Cedar.xcodeproj */;
			proxyType = 1;
			remoteGlobalIDString = AEEE222811DC2B0600029872;
			remoteInfo = "Cedar-StaticLib";
		};
		4C18B1C61BC4E42C00CF54F4 /* PBXContainerItemProxy */ = {
			isa = PBXContainerItemProxy;
			containerPortal = 4C04CDE51AF868DD005DA4D6 /* UIKit.xcodeproj */;
			proxyType = 1;
			remoteGlobalIDString = AEBCCC63168B9AF10056EE83;
			remoteInfo = "UIKit+PivotalSpecHelper-StaticLib";
		};
		4C18B1C81BC4E43000CF54F4 /* PBXContainerItemProxy */ = {
			isa = PBXContainerItemProxy;
			containerPortal = 4C04CDE51AF868DD005DA4D6 /* UIKit.xcodeproj */;
			proxyType = 1;
			remoteGlobalIDString = AEC40C88174C203700474D2D;
			remoteInfo = "UIKit+PivotalSpecHelperStubs-StaticLib";
		};
		4C833A9818E50DD30011D3C3 /* PBXContainerItemProxy */ = {
			isa = PBXContainerItemProxy;
			containerPortal = 4C833A8A18E50DD30011D3C3 /* Cedar.xcodeproj */;
			proxyType = 2;
			remoteGlobalIDString = AEEE1FB611DC271300029872;
			remoteInfo = Cedar;
		};
		4C833A9A18E50DD30011D3C3 /* PBXContainerItemProxy */ = {
			isa = PBXContainerItemProxy;
			containerPortal = 4C833A8A18E50DD30011D3C3 /* Cedar.xcodeproj */;
			proxyType = 2;
			remoteGlobalIDString = AEEE218611DC28E200029872;
			remoteInfo = Specs;
		};
		4C833A9C18E50DD30011D3C3 /* PBXContainerItemProxy */ = {
			isa = PBXContainerItemProxy;
			containerPortal = 4C833A8A18E50DD30011D3C3 /* Cedar.xcodeproj */;
			proxyType = 2;
			remoteGlobalIDString = 96A07F0813F276640021974D;
			remoteInfo = FocusedSpecs;
		};
		4C833A9E18E50DD30011D3C3 /* PBXContainerItemProxy */ = {
			isa = PBXContainerItemProxy;
			containerPortal = 4C833A8A18E50DD30011D3C3 /* Cedar.xcodeproj */;
			proxyType = 2;
			remoteGlobalIDString = AEEE222911DC2B0600029872;
			remoteInfo = "Cedar-StaticLib";
		};
		4C833AA018E50DD30011D3C3 /* PBXContainerItemProxy */ = {
			isa = PBXContainerItemProxy;
			containerPortal = 4C833A8A18E50DD30011D3C3 /* Cedar.xcodeproj */;
			proxyType = 2;
			remoteGlobalIDString = AEEE227611DC2CF900029872;
			remoteInfo = iOSSpecs;
		};
		4C833AA218E50DD30011D3C3 /* PBXContainerItemProxy */ = {
			isa = PBXContainerItemProxy;
			containerPortal = 4C833A8A18E50DD30011D3C3 /* Cedar.xcodeproj */;
			proxyType = 2;
			remoteGlobalIDString = AE02E7E4184EABCD00414F19;
			remoteInfo = iOSFrameworkSpecs;
		};
		4C833AA418E50DD30011D3C3 /* PBXContainerItemProxy */ = {
			isa = PBXContainerItemProxy;
			containerPortal = 4C833A8A18E50DD30011D3C3 /* Cedar.xcodeproj */;
			proxyType = 2;
			remoteGlobalIDString = 96B5F9F6144A81A7000A6A5D;
			remoteInfo = OCUnitApp;
		};
		4C833AA818E50DD30011D3C3 /* PBXContainerItemProxy */ = {
			isa = PBXContainerItemProxy;
			containerPortal = 4C833A8A18E50DD30011D3C3 /* Cedar.xcodeproj */;
			proxyType = 2;
			remoteGlobalIDString = 1F45A3DD180E4796003C1E36;
			remoteInfo = XCUnitAppTests;
		};
		4CA4826918E50FF800E524B6 /* PBXContainerItemProxy */ = {
			isa = PBXContainerItemProxy;
			containerPortal = 4CA4826118E50FF800E524B6 /* Blindside.xcodeproj */;
			proxyType = 2;
			remoteGlobalIDString = 29CAC6E4150292AD00731862;
			remoteInfo = Blindside;
		};
		4CA4826B18E50FF800E524B6 /* PBXContainerItemProxy */ = {
			isa = PBXContainerItemProxy;
			containerPortal = 4CA4826118E50FF800E524B6 /* Blindside.xcodeproj */;
			proxyType = 2;
			remoteGlobalIDString = 29CAC7001502932000731862;
			remoteInfo = Specs;
		};
		4CA4826D18E50FF800E524B6 /* PBXContainerItemProxy */ = {
			isa = PBXContainerItemProxy;
			containerPortal = 4CA4826118E50FF800E524B6 /* Blindside.xcodeproj */;
			proxyType = 2;
			remoteGlobalIDString = 29997B471505EC0B00C12110;
			remoteInfo = "Blindside-StaticLib";
		};
		4CA4826F18E5100700E524B6 /* PBXContainerItemProxy */ = {
			isa = PBXContainerItemProxy;
			containerPortal = 4CA4826118E50FF800E524B6 /* Blindside.xcodeproj */;
			proxyType = 1;
			remoteGlobalIDString = 29997B461505EC0B00C12110;
			remoteInfo = "Blindside-StaticLib";
		};
		4CA4827C18E5106800E524B6 /* PBXContainerItemProxy */ = {
			isa = PBXContainerItemProxy;
			containerPortal = 4CA4827518E5106800E524B6 /* Deferred.xcodeproj */;
			proxyType = 2;
			remoteGlobalIDString = E18A7B1515674D9B0083D745;
			remoteInfo = Deferred;
		};
		4CA4827E18E5106800E524B6 /* PBXContainerItemProxy */ = {
			isa = PBXContainerItemProxy;
			containerPortal = 4CA4827518E5106800E524B6 /* Deferred.xcodeproj */;
			proxyType = 2;
			remoteGlobalIDString = E18A7B3015674EC20083D745;
			remoteInfo = "Deferred-OSX";
		};
		4CA4828218E5107700E524B6 /* PBXContainerItemProxy */ = {
			isa = PBXContainerItemProxy;
			containerPortal = 4CA4827518E5106800E524B6 /* Deferred.xcodeproj */;
			proxyType = 1;
			remoteGlobalIDString = E18A7B1415674D9B0083D745;
			remoteInfo = Deferred;
		};
/* End PBXContainerItemProxy section */

/* Begin PBXFileReference section */
		2225F038A06F1D4D1EB0B2D8 /* JSONClient.h */ = {isa = PBXFileReference; fileEncoding = 4; lastKnownFileType = sourcecode.c.h; path = JSONClient.h; sourceTree = "<group>"; };
		2225F182E9479D9347EBA74A /* ArtistViewController.m */ = {isa = PBXFileReference; fileEncoding = 4; lastKnownFileType = sourcecode.c.objc; path = ArtistViewController.m; sourceTree = "<group>"; };
		2225F2505B1A22EAFBA465A9 /* InjectorProvider.h */ = {isa = PBXFileReference; fileEncoding = 4; lastKnownFileType = sourcecode.c.h; path = InjectorProvider.h; sourceTree = "<group>"; };
		2225F3025C16CE3BBA32DDE9 /* ArtistViewControllerSpec.mm */ = {isa = PBXFileReference; fileEncoding = 4; lastKnownFileType = sourcecode.cpp.objcpp; path = ArtistViewControllerSpec.mm; sourceTree = "<group>"; };
		2225F31DE7A12821D08FB6D8 /* HTTPClient.m */ = {isa = PBXFileReference; fileEncoding = 4; lastKnownFileType = sourcecode.c.objc; path = HTTPClient.m; sourceTree = "<group>"; };
		2225F5A602D89DA85B78DBD2 /* artists.json */ = {isa = PBXFileReference; lastKnownFileType = file.json; path = artists.json; sourceTree = "<group>"; };
		2225F6CA33682145B828BC8D /* HTTPClientSpec.mm */ = {isa = PBXFileReference; fileEncoding = 4; lastKnownFileType = sourcecode.cpp.objcpp; path = HTTPClientSpec.mm; sourceTree = "<group>"; };
		2225F7D69CE3204D81E2C21A /* FoundationModule.m */ = {isa = PBXFileReference; fileEncoding = 4; lastKnownFileType = sourcecode.c.objc; path = FoundationModule.m; sourceTree = "<group>"; };
		2225F8BA27105B8EC773EE8D /* JSONClient.m */ = {isa = PBXFileReference; fileEncoding = 4; lastKnownFileType = sourcecode.c.objc; path = JSONClient.m; sourceTree = "<group>"; };
		2225F92CBED5E79032067389 /* InjectorProvider.m */ = {isa = PBXFileReference; fileEncoding = 4; lastKnownFileType = sourcecode.c.objc; path = InjectorProvider.m; sourceTree = "<group>"; };
		2225F9FEDEF77FFBD57BF6FA /* NetworkModule.h */ = {isa = PBXFileReference; fileEncoding = 4; lastKnownFileType = sourcecode.c.h; path = NetworkModule.h; sourceTree = "<group>"; };
		2225FB862053BDF37895A4C6 /* HTTPClient.h */ = {isa = PBXFileReference; fileEncoding = 4; lastKnownFileType = sourcecode.c.h; path = HTTPClient.h; sourceTree = "<group>"; };
		2225FB87FF291BDC4ABDA95D /* ArtistViewController.h */ = {isa = PBXFileReference; fileEncoding = 4; lastKnownFileType = sourcecode.c.h; path = ArtistViewController.h; sourceTree = "<group>"; };
		2225FBFF7DE7C89C66D1FA71 /* RequestProviderSpec.mm */ = {isa = PBXFileReference; fileEncoding = 4; lastKnownFileType = sourcecode.cpp.objcpp; path = RequestProviderSpec.mm; sourceTree = "<group>"; };
		2225FDE9BB696E631352A547 /* NetworkModule.m */ = {isa = PBXFileReference; fileEncoding = 4; lastKnownFileType = sourcecode.c.objc; path = NetworkModule.m; sourceTree = "<group>"; };
		2225FF83F6A1F3603EF1DE61 /* JSONClientSpec.mm */ = {isa = PBXFileReference; fileEncoding = 4; lastKnownFileType = sourcecode.cpp.objcpp; path = JSONClientSpec.mm; sourceTree = "<group>"; };
		2225FFF8E0C1013B1F990D53 /* FoundationModule.h */ = {isa = PBXFileReference; fileEncoding = 4; lastKnownFileType = sourcecode.c.h; path = FoundationModule.h; sourceTree = "<group>"; };
		4C04CDE51AF868DD005DA4D6 /* UIKit.xcodeproj */ = {isa = PBXFileReference; lastKnownFileType = "wrapper.pb-project"; name = UIKit.xcodeproj; path = PivotalCoreKit/UIKit/UIKit.xcodeproj; sourceTree = "<group>"; };
		4C0B92FE1ACF5D7100DE75AC /* Launch Screen.xib */ = {isa = PBXFileReference; fileEncoding = 4; lastKnownFileType = file.xib; path = "Launch Screen.xib"; sourceTree = "<group>"; };
		4C1650C918E50CA1000336FD /* BestPractices.app */ = {isa = PBXFileReference; explicitFileType = wrapper.application; includeInIndex = 0; path = BestPractices.app; sourceTree = BUILT_PRODUCTS_DIR; };
		4C1650CC18E50CA1000336FD /* Foundation.framework */ = {isa = PBXFileReference; lastKnownFileType = wrapper.framework; name = Foundation.framework; path = System/Library/Frameworks/Foundation.framework; sourceTree = SDKROOT; };
		4C1650CE18E50CA1000336FD /* CoreGraphics.framework */ = {isa = PBXFileReference; lastKnownFileType = wrapper.framework; name = CoreGraphics.framework; path = System/Library/Frameworks/CoreGraphics.framework; sourceTree = SDKROOT; };
		4C1650D018E50CA1000336FD /* UIKit.framework */ = {isa = PBXFileReference; lastKnownFileType = wrapper.framework; name = UIKit.framework; path = System/Library/Frameworks/UIKit.framework; sourceTree = SDKROOT; };
		4C1650D418E50CA1000336FD /* BestPractices-Info.plist */ = {isa = PBXFileReference; lastKnownFileType = text.plist.xml; path = "BestPractices-Info.plist"; sourceTree = "<group>"; };
		4C1650D818E50CA1000336FD /* main.m */ = {isa = PBXFileReference; lastKnownFileType = sourcecode.c.objc; path = main.m; sourceTree = "<group>"; };
		4C1650DB18E50CA1000336FD /* AppDelegate.h */ = {isa = PBXFileReference; lastKnownFileType = sourcecode.c.h; path = AppDelegate.h; sourceTree = "<group>"; };
		4C1650DC18E50CA1000336FD /* AppDelegate.m */ = {isa = PBXFileReference; lastKnownFileType = sourcecode.c.objc; path = AppDelegate.m; sourceTree = "<group>"; };
		4C1650DE18E50CA1000336FD /* Images.xcassets */ = {isa = PBXFileReference; lastKnownFileType = folder.assetcatalog; path = Images.xcassets; sourceTree = "<group>"; };
		4C1650E518E50CA1000336FD /* XCTest.framework */ = {isa = PBXFileReference; lastKnownFileType = wrapper.framework; name = XCTest.framework; path = Library/Frameworks/XCTest.framework; sourceTree = DEVELOPER_DIR; };
		4C18B1AC1BC4E2CB00CF54F4 /* BestPracticesTests.xctest */ = {isa = PBXFileReference; explicitFileType = wrapper.cfbundle; includeInIndex = 0; path = BestPracticesTests.xctest; sourceTree = BUILT_PRODUCTS_DIR; };
		4C8145A718E5133900FA565A /* AppDelegateSpec.mm */ = {isa = PBXFileReference; fileEncoding = 4; lastKnownFileType = sourcecode.cpp.objcpp; path = AppDelegateSpec.mm; sourceTree = "<group>"; };
		4C8145B718E5169700FA565A /* ArtistsViewController.h */ = {isa = PBXFileReference; fileEncoding = 4; lastKnownFileType = sourcecode.c.h; path = ArtistsViewController.h; sourceTree = "<group>"; };
		4C8145B818E5169700FA565A /* ArtistsViewController.m */ = {isa = PBXFileReference; fileEncoding = 4; lastKnownFileType = sourcecode.c.objc; path = ArtistsViewController.m; sourceTree = "<group>"; };
		4C8145BA18E5169700FA565A /* UIModule.h */ = {isa = PBXFileReference; fileEncoding = 4; lastKnownFileType = sourcecode.c.h; path = UIModule.h; sourceTree = "<group>"; };
		4C8145BB18E5169700FA565A /* UIModule.m */ = {isa = PBXFileReference; fileEncoding = 4; lastKnownFileType = sourcecode.c.objc; path = UIModule.m; sourceTree = "<group>"; };
		4C8145C018E5173700FA565A /* InjectorKeys.h */ = {isa = PBXFileReference; fileEncoding = 4; lastKnownFileType = sourcecode.c.h; path = InjectorKeys.h; sourceTree = "<group>"; };
		4C8145C118E5173700FA565A /* InjectorKeys.m */ = {isa = PBXFileReference; fileEncoding = 4; lastKnownFileType = sourcecode.c.objc; path = InjectorKeys.m; sourceTree = "<group>"; };
		4C8145C818E5194900FA565A /* ArtistsViewControllerSpec.mm */ = {isa = PBXFileReference; fileEncoding = 4; lastKnownFileType = sourcecode.cpp.objcpp; path = ArtistsViewControllerSpec.mm; sourceTree = "<group>"; };
		4C833A8A18E50DD30011D3C3 /* Cedar.xcodeproj */ = {isa = PBXFileReference; lastKnownFileType = "wrapper.pb-project"; name = Cedar.xcodeproj; path = cedar/Cedar.xcodeproj; sourceTree = "<group>"; };
		4CA3C85918E77B3B0082556D /* CellPresenterDataSource.h */ = {isa = PBXFileReference; fileEncoding = 4; lastKnownFileType = sourcecode.c.h; path = CellPresenterDataSource.h; sourceTree = "<group>"; };
		4CA3C85A18E77B3B0082556D /* CellPresenterDataSource.m */ = {isa = PBXFileReference; fileEncoding = 4; lastKnownFileType = sourcecode.c.objc; path = CellPresenterDataSource.m; sourceTree = "<group>"; };
		4CA3C85D18E77BB70082556D /* ArtistsPresenter.h */ = {isa = PBXFileReference; fileEncoding = 4; lastKnownFileType = sourcecode.c.h; path = ArtistsPresenter.h; sourceTree = "<group>"; };
		4CA3C85E18E77BB70082556D /* ArtistsPresenter.m */ = {isa = PBXFileReference; fileEncoding = 4; lastKnownFileType = sourcecode.c.objc; path = ArtistsPresenter.m; sourceTree = "<group>"; };
		4CA3C86218E77C840082556D /* ArtistsService.h */ = {isa = PBXFileReference; fileEncoding = 4; lastKnownFileType = sourcecode.c.h; path = ArtistsService.h; sourceTree = "<group>"; };
		4CA3C86318E77C840082556D /* ArtistsService.m */ = {isa = PBXFileReference; fileEncoding = 4; lastKnownFileType = sourcecode.c.objc; path = ArtistsService.m; sourceTree = "<group>"; };
		4CA3C86B18E78A780082556D /* CellPresenter.h */ = {isa = PBXFileReference; lastKnownFileType = sourcecode.c.h; path = CellPresenter.h; sourceTree = "<group>"; };
		4CA3C88218E78E070082556D /* CellPresenterDataSourceSpec.mm */ = {isa = PBXFileReference; fileEncoding = 4; lastKnownFileType = sourcecode.cpp.objcpp; path = CellPresenterDataSourceSpec.mm; sourceTree = "<group>"; };
		4CA4824D18E50EE900E524B6 /* Info.plist */ = {isa = PBXFileReference; lastKnownFileType = text.plist.xml; path = Info.plist; sourceTree = "<group>"; };
		4CA4826118E50FF800E524B6 /* Blindside.xcodeproj */ = {isa = PBXFileReference; lastKnownFileType = "wrapper.pb-project"; name = Blindside.xcodeproj; path = blindside/Blindside.xcodeproj; sourceTree = "<group>"; };
		4CA4827518E5106800E524B6 /* Deferred.xcodeproj */ = {isa = PBXFileReference; lastKnownFileType = "wrapper.pb-project"; name = Deferred.xcodeproj; path = deferred/Deferred.xcodeproj; sourceTree = "<group>"; };
		4CAA2CEE18E79C9B00488E9B /* Artist.h */ = {isa = PBXFileReference; fileEncoding = 4; lastKnownFileType = sourcecode.c.h; path = Artist.h; sourceTree = "<group>"; };
		4CAA2CEF18E79C9B00488E9B /* Artist.m */ = {isa = PBXFileReference; fileEncoding = 4; lastKnownFileType = sourcecode.c.objc; path = Artist.m; sourceTree = "<group>"; };
		4CAA2CF218E79CEA00488E9B /* ArtistCellPresenter.h */ = {isa = PBXFileReference; fileEncoding = 4; lastKnownFileType = sourcecode.c.h; path = ArtistCellPresenter.h; sourceTree = "<group>"; };
		4CAA2CF318E79CEA00488E9B /* ArtistCellPresenter.m */ = {isa = PBXFileReference; fileEncoding = 4; lastKnownFileType = sourcecode.c.objc; path = ArtistCellPresenter.m; sourceTree = "<group>"; };
		4CAB2EA51ACF600B002AB81E /* RequestProvider.h */ = {isa = PBXFileReference; fileEncoding = 4; lastKnownFileType = sourcecode.c.h; path = RequestProvider.h; sourceTree = "<group>"; };
		4CAB2EA61ACF600B002AB81E /* RequestProvider.m */ = {isa = PBXFileReference; fileEncoding = 4; lastKnownFileType = sourcecode.c.objc; path = RequestProvider.m; sourceTree = "<group>"; };
		4CBB0C3F1AD0715F00F03491 /* ArtistsServiceSpec.mm */ = {isa = PBXFileReference; fileEncoding = 4; lastKnownFileType = sourcecode.cpp.objcpp; path = ArtistsServiceSpec.mm; sourceTree = "<group>"; };
		AE0D92EB18EF5BE40043F06A /* ArtistCellPresenterSpec.mm */ = {isa = PBXFileReference; fileEncoding = 4; lastKnownFileType = sourcecode.cpp.objcpp; path = ArtistCellPresenterSpec.mm; sourceTree = "<group>"; };
		AE0D92FC18EF6B2F0043F06A /* ArtistsPresenterSpec.mm */ = {isa = PBXFileReference; fileEncoding = 4; lastKnownFileType = sourcecode.cpp.objcpp; path = ArtistsPresenterSpec.mm; sourceTree = "<group>"; };
		AE0D92FF18EF6CB30043F06A /* FakeCellPresenterDataSource.h */ = {isa = PBXFileReference; fileEncoding = 4; lastKnownFileType = sourcecode.c.h; path = FakeCellPresenterDataSource.h; sourceTree = "<group>"; };
		AE0D930018EF6CB30043F06A /* FakeCellPresenterDataSource.m */ = {isa = PBXFileReference; fileEncoding = 4; lastKnownFileType = sourcecode.c.objc; path = FakeCellPresenterDataSource.m; sourceTree = "<group>"; };
/* End PBXFileReference section */

/* Begin PBXFrameworksBuildPhase section */
		4C1650C618E50CA1000336FD /* Frameworks */ = {
			isa = PBXFrameworksBuildPhase;
			buildActionMask = 2147483647;
			files = (
				4CA4827118E5100B00E524B6 /* libBlindside-StaticLib.a in Frameworks */,
				4CA4828418E5107C00E524B6 /* libDeferred.a in Frameworks */,
				4C1650CF18E50CA1000336FD /* CoreGraphics.framework in Frameworks */,
				4C1650D118E50CA1000336FD /* UIKit.framework in Frameworks */,
				4C1650CD18E50CA1000336FD /* Foundation.framework in Frameworks */,
			);
			runOnlyForDeploymentPostprocessing = 0;
		};
		4C18B1A91BC4E2CB00CF54F4 /* Frameworks */ = {
			isa = PBXFrameworksBuildPhase;
			buildActionMask = 2147483647;
			files = (
				4C18B1C51BC4E3D200CF54F4 /* libCedar-StaticLib.a in Frameworks */,
				4C18B1CA1BC4E43900CF54F4 /* libUIKit+PivotalSpecHelper-StaticLib.a in Frameworks */,
				4C18B1CB1BC4E43C00CF54F4 /* libUIKit+PivotalSpecHelperStubs-StaticLib.a in Frameworks */,
			);
			runOnlyForDeploymentPostprocessing = 0;
		};
/* End PBXFrameworksBuildPhase section */

/* Begin PBXGroup section */
		2225F6051E7FBA8A2520675C /* Fixtures */ = {
			isa = PBXGroup;
			children = (
				2225F5A602D89DA85B78DBD2 /* artists.json */,
			);
			path = Fixtures;
			sourceTree = "<group>";
		};
		2225F89358E509AF97A1D4CC /* Network */ = {
			isa = PBXGroup;
			children = (
				4CBB0C3F1AD0715F00F03491 /* ArtistsServiceSpec.mm */,
				2225F6CA33682145B828BC8D /* HTTPClientSpec.mm */,
				2225FF83F6A1F3603EF1DE61 /* JSONClientSpec.mm */,
				2225FBFF7DE7C89C66D1FA71 /* RequestProviderSpec.mm */,
			);
			path = Network;
			sourceTree = "<group>";
		};
		4C04CDE61AF868DD005DA4D6 /* Products */ = {
			isa = PBXGroup;
			children = (
				4C04CE031AF868DE005DA4D6 /* libUIKit+PivotalCore-StaticLib.a */,
				4C04CE051AF868DE005DA4D6 /* libUIKit+PivotalSpecHelper-StaticLib.a */,
				4C04CE071AF868DE005DA4D6 /* libUIKit+PivotalSpecHelperStubs-StaticLib.a */,
				4C04CE091AF868DE005DA4D6 /* UIKit-StaticLibSpec.app */,
				4C04CE0B1AF868DE005DA4D6 /* UIKit-StaticLibSpecBundle.octest */,
			);
			name = Products;
			sourceTree = "<group>";
		};
		4C1650C018E50CA1000336FD = {
			isa = PBXGroup;
			children = (
				4C1650D218E50CA1000336FD /* BestPractices */,
				4CA4824B18E50EE900E524B6 /* BestPracticesTests */,
				4C833A8918E50DBE0011D3C3 /* Externals */,
				4C1650CB18E50CA1000336FD /* Frameworks */,
				4C1650CA18E50CA1000336FD /* Products */,
			);
			sourceTree = "<group>";
		};
		4C1650CA18E50CA1000336FD /* Products */ = {
			isa = PBXGroup;
			children = (
				4C1650C918E50CA1000336FD /* BestPractices.app */,
				4C18B1AC1BC4E2CB00CF54F4 /* BestPracticesTests.xctest */,
			);
			name = Products;
			sourceTree = "<group>";
		};
		4C1650CB18E50CA1000336FD /* Frameworks */ = {
			isa = PBXGroup;
			children = (
				4C1650CC18E50CA1000336FD /* Foundation.framework */,
				4C1650CE18E50CA1000336FD /* CoreGraphics.framework */,
				4C1650D018E50CA1000336FD /* UIKit.framework */,
				4C1650E518E50CA1000336FD /* XCTest.framework */,
			);
			name = Frameworks;
			sourceTree = "<group>";
		};
		4C1650D218E50CA1000336FD /* BestPractices */ = {
			isa = PBXGroup;
			children = (
				4C1650DB18E50CA1000336FD /* AppDelegate.h */,
				4C1650DC18E50CA1000336FD /* AppDelegate.m */,
				4C8145B618E5169700FA565A /* Controllers */,
				4C1650DE18E50CA1000336FD /* Images.xcassets */,
				4C0B92FE1ACF5D7100DE75AC /* Launch Screen.xib */,
				4CAA2CED18E79C8A00488E9B /* Models */,
				4C8145B918E5169700FA565A /* Modules */,
				4CA3C86118E77C260082556D /* Network */,
				4CA3C84918E77B270082556D /* Presenters */,
				4C1650D318E50CA1000336FD /* Supporting Files */,
			);
			path = BestPractices;
			sourceTree = "<group>";
		};
		4C1650D318E50CA1000336FD /* Supporting Files */ = {
			isa = PBXGroup;
			children = (
				4C1650D418E50CA1000336FD /* BestPractices-Info.plist */,
				4C1650D818E50CA1000336FD /* main.m */,
			);
			name = "Supporting Files";
			sourceTree = "<group>";
		};
		4C8145B618E5169700FA565A /* Controllers */ = {
			isa = PBXGroup;
			children = (
				4C8145B718E5169700FA565A /* ArtistsViewController.h */,
				4C8145B818E5169700FA565A /* ArtistsViewController.m */,
				2225F182E9479D9347EBA74A /* ArtistViewController.m */,
				2225FB87FF291BDC4ABDA95D /* ArtistViewController.h */,
			);
			path = Controllers;
			sourceTree = "<group>";
		};
		4C8145B918E5169700FA565A /* Modules */ = {
			isa = PBXGroup;
			children = (
				4C8145C018E5173700FA565A /* InjectorKeys.h */,
				4C8145C118E5173700FA565A /* InjectorKeys.m */,
				4C8145BA18E5169700FA565A /* UIModule.h */,
				4C8145BB18E5169700FA565A /* UIModule.m */,
				2225FDE9BB696E631352A547 /* NetworkModule.m */,
				2225F9FEDEF77FFBD57BF6FA /* NetworkModule.h */,
				2225F92CBED5E79032067389 /* InjectorProvider.m */,
				2225F2505B1A22EAFBA465A9 /* InjectorProvider.h */,
				2225F7D69CE3204D81E2C21A /* FoundationModule.m */,
				2225FFF8E0C1013B1F990D53 /* FoundationModule.h */,
			);
			path = Modules;
			sourceTree = "<group>";
		};
		4C8145C718E5194900FA565A /* Controllers */ = {
			isa = PBXGroup;
			children = (
				4C8145C818E5194900FA565A /* ArtistsViewControllerSpec.mm */,
				2225F3025C16CE3BBA32DDE9 /* ArtistViewControllerSpec.mm */,
			);
			path = Controllers;
			sourceTree = "<group>";
		};
		4C833A8918E50DBE0011D3C3 /* Externals */ = {
			isa = PBXGroup;
			children = (
				4CA4826118E50FF800E524B6 /* Blindside.xcodeproj */,
				4C833A8A18E50DD30011D3C3 /* Cedar.xcodeproj */,
				4CA4827518E5106800E524B6 /* Deferred.xcodeproj */,
				4C04CDE51AF868DD005DA4D6 /* UIKit.xcodeproj */,
			);
			path = Externals;
			sourceTree = "<group>";
		};
		4C833A8B18E50DD30011D3C3 /* Products */ = {
			isa = PBXGroup;
			children = (
				4C833A9918E50DD30011D3C3 /* Cedar.framework */,
				4C833A9B18E50DD30011D3C3 /* Cedar OS X Specs */,
				4C833A9D18E50DD30011D3C3 /* Cedar OS X FocusedSpecs */,
				4C833A9F18E50DD30011D3C3 /* libCedar-StaticLib.a */,
				4C833AA118E50DD30011D3C3 /* Cedar iOS Specs.app */,
				4C833AA318E50DD30011D3C3 /* Cedar iOS FrameworkSpecs.app */,
				4C833AA518E50DD30011D3C3 /* Cedar iOS Host App.app */,
				4C833AA918E50DD30011D3C3 /* XCUnitAppTests.xctest */,
				4C0B92EB1ACF598000DE75AC /* Cedar OS X Host App.app */,
				4C0B92ED1ACF598000DE75AC /* Cedar OS X Host AppTests.xctest */,
				4C18B19F1BC4E27100CF54F4 /* Cedar.framework */,
				4C18B1A11BC4E27100CF54F4 /* Cedar-iOS-Framework Specs.app */,
			);
			name = Products;
			sourceTree = "<group>";
		};
		4CA3C84918E77B270082556D /* Presenters */ = {
			isa = PBXGroup;
			children = (
				4CAA2CF218E79CEA00488E9B /* ArtistCellPresenter.h */,
				4CAA2CF318E79CEA00488E9B /* ArtistCellPresenter.m */,
				4CA3C85D18E77BB70082556D /* ArtistsPresenter.h */,
				4CA3C85E18E77BB70082556D /* ArtistsPresenter.m */,
				4CA3C86B18E78A780082556D /* CellPresenter.h */,
				4CA3C85918E77B3B0082556D /* CellPresenterDataSource.h */,
				4CA3C85A18E77B3B0082556D /* CellPresenterDataSource.m */,
			);
			path = Presenters;
			sourceTree = "<group>";
		};
		4CA3C86118E77C260082556D /* Network */ = {
			isa = PBXGroup;
			children = (
				4CA3C86218E77C840082556D /* ArtistsService.h */,
				4CA3C86318E77C840082556D /* ArtistsService.m */,
				2225FB862053BDF37895A4C6 /* HTTPClient.h */,
				2225F31DE7A12821D08FB6D8 /* HTTPClient.m */,
				2225F038A06F1D4D1EB0B2D8 /* JSONClient.h */,
				2225F8BA27105B8EC773EE8D /* JSONClient.m */,
				4CAB2EA51ACF600B002AB81E /* RequestProvider.h */,
				4CAB2EA61ACF600B002AB81E /* RequestProvider.m */,
			);
			path = Network;
			sourceTree = "<group>";
		};
		4CA3C87B18E78AE20082556D /* Presenters */ = {
			isa = PBXGroup;
			children = (
				AE0D92EB18EF5BE40043F06A /* ArtistCellPresenterSpec.mm */,
				AE0D92FC18EF6B2F0043F06A /* ArtistsPresenterSpec.mm */,
				4CA3C88218E78E070082556D /* CellPresenterDataSourceSpec.mm */,
			);
			path = Presenters;
			sourceTree = "<group>";
		};
		4CA4824B18E50EE900E524B6 /* BestPracticesTests */ = {
			isa = PBXGroup;
			children = (
				4C8145A718E5133900FA565A /* AppDelegateSpec.mm */,
				4C8145C718E5194900FA565A /* Controllers */,
				AE0D92FE18EF6C9E0043F06A /* Fakes */,
				4CA3C87B18E78AE20082556D /* Presenters */,
				4CA4824C18E50EE900E524B6 /* Supporting Files */,
				2225F89358E509AF97A1D4CC /* Network */,
				2225F6051E7FBA8A2520675C /* Fixtures */,
			);
			path = BestPracticesTests;
			sourceTree = "<group>";
		};
		4CA4824C18E50EE900E524B6 /* Supporting Files */ = {
			isa = PBXGroup;
			children = (
				4CA4824D18E50EE900E524B6 /* Info.plist */,
			);
			name = "Supporting Files";
			sourceTree = "<group>";
		};
		4CA4826218E50FF800E524B6 /* Products */ = {
			isa = PBXGroup;
			children = (
				4CA4826A18E50FF800E524B6 /* Blindside.framework */,
				4CA4826C18E50FF800E524B6 /* Specs */,
				4CA4826E18E50FF800E524B6 /* libBlindside-StaticLib.a */,
				4C18B1931BC4E27100CF54F4 /* Blindside.framework */,
				4C18B1951BC4E27100CF54F4 /* Blindside-iOS-Framework BuildTest.app */,
				4C18B1971BC4E27100CF54F4 /* Blindside.framework */,
				4C18B1991BC4E27100CF54F4 /* Blindside-watchOS BuildTest.app */,
				4C18B19B1BC4E27100CF54F4 /* Blindside-watchOS BuildTest Extension.appex */,
			);
			name = Products;
			sourceTree = "<group>";
		};
		4CA4827618E5106800E524B6 /* Products */ = {
			isa = PBXGroup;
			children = (
				4CA4827D18E5106800E524B6 /* libDeferred.a */,
				4C0B92F41ACF598000DE75AC /* DeferredSpecs.xctest */,
				4CA4827F18E5106800E524B6 /* libDeferred-OSX.a */,
				4C0B92F61ACF598000DE75AC /* Deferred-OSXSpecs.xctest */,
				4C18B1A51BC4E27100CF54F4 /* KSDeferred.framework */,
				4C18B1A71BC4E27100CF54F4 /* KSDeferred.framework */,
			);
			name = Products;
			sourceTree = "<group>";
		};
		4CAA2CED18E79C8A00488E9B /* Models */ = {
			isa = PBXGroup;
			children = (
				4CAA2CEE18E79C9B00488E9B /* Artist.h */,
				4CAA2CEF18E79C9B00488E9B /* Artist.m */,
			);
			path = Models;
			sourceTree = "<group>";
		};
		AE0D92FE18EF6C9E0043F06A /* Fakes */ = {
			isa = PBXGroup;
			children = (
				AE0D92FF18EF6CB30043F06A /* FakeCellPresenterDataSource.h */,
				AE0D930018EF6CB30043F06A /* FakeCellPresenterDataSource.m */,
			);
			path = Fakes;
			sourceTree = "<group>";
		};
/* End PBXGroup section */

/* Begin PBXNativeTarget section */
		4C1650C818E50CA1000336FD /* BestPractices */ = {
			isa = PBXNativeTarget;
			buildConfigurationList = 4C1650F518E50CA1000336FD /* Build configuration list for PBXNativeTarget "BestPractices" */;
			buildPhases = (
				4C1650C518E50CA1000336FD /* Sources */,
				4C1650C618E50CA1000336FD /* Frameworks */,
				4C1650C718E50CA1000336FD /* Resources */,
			);
			buildRules = (
			);
			dependencies = (
				4CA4827018E5100700E524B6 /* PBXTargetDependency */,
				4CA4828318E5107700E524B6 /* PBXTargetDependency */,
			);
			name = BestPractices;
			productName = BestPractices;
			productReference = 4C1650C918E50CA1000336FD /* BestPractices.app */;
			productType = "com.apple.product-type.application";
		};
		4C18B1AB1BC4E2CB00CF54F4 /* BestPracticesTests */ = {
			isa = PBXNativeTarget;
			buildConfigurationList = 4C18B1B31BC4E2CC00CF54F4 /* Build configuration list for PBXNativeTarget "BestPracticesTests" */;
			buildPhases = (
				4C18B1A81BC4E2CB00CF54F4 /* Sources */,
				4C18B1A91BC4E2CB00CF54F4 /* Frameworks */,
				4C18B1AA1BC4E2CB00CF54F4 /* Resources */,
			);
			buildRules = (
			);
			dependencies = (
				4C18B1B21BC4E2CC00CF54F4 /* PBXTargetDependency */,
				4C18B1C41BC4E3CD00CF54F4 /* PBXTargetDependency */,
				4C18B1C71BC4E42C00CF54F4 /* PBXTargetDependency */,
				4C18B1C91BC4E43000CF54F4 /* PBXTargetDependency */,
			);
			name = BestPracticesTests;
			productName = BestPracticesTests;
			productReference = 4C18B1AC1BC4E2CB00CF54F4 /* BestPracticesTests.xctest */;
			productType = "com.apple.product-type.bundle.unit-test";
		};
/* End PBXNativeTarget section */

/* Begin PBXProject section */
		4C1650C118E50CA1000336FD /* Project object */ = {
			isa = PBXProject;
			attributes = {
				LastUpgradeCheck = 0700;
				ORGANIZATIONNAME = CBG;
				TargetAttributes = {
					4C18B1AB1BC4E2CB00CF54F4 = {
						CreatedOnToolsVersion = 7.0.1;
						TestTargetID = 4C1650C818E50CA1000336FD;
					};
				};
			};
			buildConfigurationList = 4C1650C418E50CA1000336FD /* Build configuration list for PBXProject "BestPractices" */;
			compatibilityVersion = "Xcode 3.2";
			developmentRegion = English;
			hasScannedForEncodings = 0;
			knownRegions = (
				en,
			);
			mainGroup = 4C1650C018E50CA1000336FD;
			productRefGroup = 4C1650CA18E50CA1000336FD /* Products */;
			projectDirPath = "";
			projectReferences = (
				{
					ProductGroup = 4CA4826218E50FF800E524B6 /* Products */;
					ProjectRef = 4CA4826118E50FF800E524B6 /* Blindside.xcodeproj */;
				},
				{
					ProductGroup = 4C833A8B18E50DD30011D3C3 /* Products */;
					ProjectRef = 4C833A8A18E50DD30011D3C3 /* Cedar.xcodeproj */;
				},
				{
					ProductGroup = 4CA4827618E5106800E524B6 /* Products */;
					ProjectRef = 4CA4827518E5106800E524B6 /* Deferred.xcodeproj */;
				},
				{
					ProductGroup = 4C04CDE61AF868DD005DA4D6 /* Products */;
					ProjectRef = 4C04CDE51AF868DD005DA4D6 /* UIKit.xcodeproj */;
				},
			);
			projectRoot = "";
			targets = (
				4C1650C818E50CA1000336FD /* BestPractices */,
				4C18B1AB1BC4E2CB00CF54F4 /* BestPracticesTests */,
			);
		};
/* End PBXProject section */

/* Begin PBXReferenceProxy section */
		4C04CE031AF868DE005DA4D6 /* libUIKit+PivotalCore-StaticLib.a */ = {
			isa = PBXReferenceProxy;
			fileType = archive.ar;
			path = "libUIKit+PivotalCore-StaticLib.a";
			remoteRef = 4C04CE021AF868DE005DA4D6 /* PBXContainerItemProxy */;
			sourceTree = BUILT_PRODUCTS_DIR;
		};
		4C04CE051AF868DE005DA4D6 /* libUIKit+PivotalSpecHelper-StaticLib.a */ = {
			isa = PBXReferenceProxy;
			fileType = archive.ar;
			path = "libUIKit+PivotalSpecHelper-StaticLib.a";
			remoteRef = 4C04CE041AF868DE005DA4D6 /* PBXContainerItemProxy */;
			sourceTree = BUILT_PRODUCTS_DIR;
		};
		4C04CE071AF868DE005DA4D6 /* libUIKit+PivotalSpecHelperStubs-StaticLib.a */ = {
			isa = PBXReferenceProxy;
			fileType = archive.ar;
			path = "libUIKit+PivotalSpecHelperStubs-StaticLib.a";
			remoteRef = 4C04CE061AF868DE005DA4D6 /* PBXContainerItemProxy */;
			sourceTree = BUILT_PRODUCTS_DIR;
		};
		4C04CE091AF868DE005DA4D6 /* UIKit-StaticLibSpec.app */ = {
			isa = PBXReferenceProxy;
			fileType = wrapper.application;
			path = "UIKit-StaticLibSpec.app";
			remoteRef = 4C04CE081AF868DE005DA4D6 /* PBXContainerItemProxy */;
			sourceTree = BUILT_PRODUCTS_DIR;
		};
		4C04CE0B1AF868DE005DA4D6 /* UIKit-StaticLibSpecBundle.octest */ = {
			isa = PBXReferenceProxy;
			fileType = wrapper.cfbundle;
			path = "UIKit-StaticLibSpecBundle.octest";
			remoteRef = 4C04CE0A1AF868DE005DA4D6 /* PBXContainerItemProxy */;
			sourceTree = BUILT_PRODUCTS_DIR;
		};
		4C0B92EB1ACF598000DE75AC /* Cedar OS X Host App.app */ = {
			isa = PBXReferenceProxy;
			fileType = wrapper.application;
			path = "Cedar OS X Host App.app";
			remoteRef = 4C0B92EA1ACF598000DE75AC /* PBXContainerItemProxy */;
			sourceTree = BUILT_PRODUCTS_DIR;
		};
		4C0B92ED1ACF598000DE75AC /* Cedar OS X Host AppTests.xctest */ = {
			isa = PBXReferenceProxy;
			fileType = wrapper.cfbundle;
			path = "Cedar OS X Host AppTests.xctest";
			remoteRef = 4C0B92EC1ACF598000DE75AC /* PBXContainerItemProxy */;
			sourceTree = BUILT_PRODUCTS_DIR;
		};
		4C0B92F41ACF598000DE75AC /* DeferredSpecs.xctest */ = {
			isa = PBXReferenceProxy;
			fileType = wrapper.cfbundle;
			path = DeferredSpecs.xctest;
			remoteRef = 4C0B92F31ACF598000DE75AC /* PBXContainerItemProxy */;
			sourceTree = BUILT_PRODUCTS_DIR;
		};
		4C0B92F61ACF598000DE75AC /* Deferred-OSXSpecs.xctest */ = {
			isa = PBXReferenceProxy;
			fileType = wrapper.cfbundle;
			path = "Deferred-OSXSpecs.xctest";
			remoteRef = 4C0B92F51ACF598000DE75AC /* PBXContainerItemProxy */;
			sourceTree = BUILT_PRODUCTS_DIR;
		};
		4C18B1931BC4E27100CF54F4 /* Blindside.framework */ = {
			isa = PBXReferenceProxy;
			fileType = wrapper.framework;
			path = Blindside.framework;
			remoteRef = 4C18B1921BC4E27100CF54F4 /* PBXContainerItemProxy */;
			sourceTree = BUILT_PRODUCTS_DIR;
		};
		4C18B1951BC4E27100CF54F4 /* Blindside-iOS-Framework BuildTest.app */ = {
			isa = PBXReferenceProxy;
			fileType = wrapper.application;
			path = "Blindside-iOS-Framework BuildTest.app";
			remoteRef = 4C18B1941BC4E27100CF54F4 /* PBXContainerItemProxy */;
			sourceTree = BUILT_PRODUCTS_DIR;
		};
		4C18B1971BC4E27100CF54F4 /* Blindside.framework */ = {
			isa = PBXReferenceProxy;
			fileType = wrapper.framework;
			path = Blindside.framework;
			remoteRef = 4C18B1961BC4E27100CF54F4 /* PBXContainerItemProxy */;
			sourceTree = BUILT_PRODUCTS_DIR;
		};
		4C18B1991BC4E27100CF54F4 /* Blindside-watchOS BuildTest.app */ = {
			isa = PBXReferenceProxy;
			fileType = wrapper.application;
			path = "Blindside-watchOS BuildTest.app";
			remoteRef = 4C18B1981BC4E27100CF54F4 /* PBXContainerItemProxy */;
			sourceTree = BUILT_PRODUCTS_DIR;
		};
		4C18B19B1BC4E27100CF54F4 /* Blindside-watchOS BuildTest Extension.appex */ = {
			isa = PBXReferenceProxy;
			fileType = "wrapper.app-extension";
			path = "Blindside-watchOS BuildTest Extension.appex";
			remoteRef = 4C18B19A1BC4E27100CF54F4 /* PBXContainerItemProxy */;
			sourceTree = BUILT_PRODUCTS_DIR;
		};
		4C18B19F1BC4E27100CF54F4 /* Cedar.framework */ = {
			isa = PBXReferenceProxy;
			fileType = wrapper.framework;
			path = Cedar.framework;
			remoteRef = 4C18B19E1BC4E27100CF54F4 /* PBXContainerItemProxy */;
			sourceTree = BUILT_PRODUCTS_DIR;
		};
		4C18B1A11BC4E27100CF54F4 /* Cedar-iOS-Framework Specs.app */ = {
			isa = PBXReferenceProxy;
			fileType = wrapper.application;
			path = "Cedar-iOS-Framework Specs.app";
			remoteRef = 4C18B1A01BC4E27100CF54F4 /* PBXContainerItemProxy */;
			sourceTree = BUILT_PRODUCTS_DIR;
		};
		4C18B1A51BC4E27100CF54F4 /* KSDeferred.framework */ = {
			isa = PBXReferenceProxy;
			fileType = wrapper.framework;
			path = KSDeferred.framework;
			remoteRef = 4C18B1A41BC4E27100CF54F4 /* PBXContainerItemProxy */;
			sourceTree = BUILT_PRODUCTS_DIR;
		};
		4C18B1A71BC4E27100CF54F4 /* KSDeferred.framework */ = {
			isa = PBXReferenceProxy;
			fileType = wrapper.framework;
			path = KSDeferred.framework;
			remoteRef = 4C18B1A61BC4E27100CF54F4 /* PBXContainerItemProxy */;
			sourceTree = BUILT_PRODUCTS_DIR;
		};
		4C833A9918E50DD30011D3C3 /* Cedar.framework */ = {
			isa = PBXReferenceProxy;
			fileType = wrapper.framework;
			path = Cedar.framework;
			remoteRef = 4C833A9818E50DD30011D3C3 /* PBXContainerItemProxy */;
			sourceTree = BUILT_PRODUCTS_DIR;
		};
		4C833A9B18E50DD30011D3C3 /* Cedar OS X Specs */ = {
			isa = PBXReferenceProxy;
			fileType = "compiled.mach-o.executable";
			path = "Cedar OS X Specs";
			remoteRef = 4C833A9A18E50DD30011D3C3 /* PBXContainerItemProxy */;
			sourceTree = BUILT_PRODUCTS_DIR;
		};
		4C833A9D18E50DD30011D3C3 /* Cedar OS X FocusedSpecs */ = {
			isa = PBXReferenceProxy;
			fileType = "compiled.mach-o.executable";
			path = "Cedar OS X FocusedSpecs";
			remoteRef = 4C833A9C18E50DD30011D3C3 /* PBXContainerItemProxy */;
			sourceTree = BUILT_PRODUCTS_DIR;
		};
		4C833A9F18E50DD30011D3C3 /* libCedar-StaticLib.a */ = {
			isa = PBXReferenceProxy;
			fileType = archive.ar;
			path = "libCedar-StaticLib.a";
			remoteRef = 4C833A9E18E50DD30011D3C3 /* PBXContainerItemProxy */;
			sourceTree = BUILT_PRODUCTS_DIR;
		};
		4C833AA118E50DD30011D3C3 /* Cedar iOS Specs.app */ = {
			isa = PBXReferenceProxy;
			fileType = wrapper.application;
			path = "Cedar iOS Specs.app";
			remoteRef = 4C833AA018E50DD30011D3C3 /* PBXContainerItemProxy */;
			sourceTree = BUILT_PRODUCTS_DIR;
		};
		4C833AA318E50DD30011D3C3 /* Cedar iOS FrameworkSpecs.app */ = {
			isa = PBXReferenceProxy;
			fileType = wrapper.application;
			path = "Cedar iOS FrameworkSpecs.app";
			remoteRef = 4C833AA218E50DD30011D3C3 /* PBXContainerItemProxy */;
			sourceTree = BUILT_PRODUCTS_DIR;
		};
		4C833AA518E50DD30011D3C3 /* Cedar iOS Host App.app */ = {
			isa = PBXReferenceProxy;
			fileType = wrapper.application;
			path = "Cedar iOS Host App.app";
			remoteRef = 4C833AA418E50DD30011D3C3 /* PBXContainerItemProxy */;
			sourceTree = BUILT_PRODUCTS_DIR;
		};
		4C833AA918E50DD30011D3C3 /* XCUnitAppTests.xctest */ = {
			isa = PBXReferenceProxy;
			fileType = wrapper.cfbundle;
			path = XCUnitAppTests.xctest;
			remoteRef = 4C833AA818E50DD30011D3C3 /* PBXContainerItemProxy */;
			sourceTree = BUILT_PRODUCTS_DIR;
		};
		4CA4826A18E50FF800E524B6 /* Blindside.framework */ = {
			isa = PBXReferenceProxy;
			fileType = wrapper.framework;
			path = Blindside.framework;
			remoteRef = 4CA4826918E50FF800E524B6 /* PBXContainerItemProxy */;
			sourceTree = BUILT_PRODUCTS_DIR;
		};
		4CA4826C18E50FF800E524B6 /* Specs */ = {
			isa = PBXReferenceProxy;
			fileType = "compiled.mach-o.executable";
			path = Specs;
			remoteRef = 4CA4826B18E50FF800E524B6 /* PBXContainerItemProxy */;
			sourceTree = BUILT_PRODUCTS_DIR;
		};
		4CA4826E18E50FF800E524B6 /* libBlindside-StaticLib.a */ = {
			isa = PBXReferenceProxy;
			fileType = archive.ar;
			path = "libBlindside-StaticLib.a";
			remoteRef = 4CA4826D18E50FF800E524B6 /* PBXContainerItemProxy */;
			sourceTree = BUILT_PRODUCTS_DIR;
		};
		4CA4827D18E5106800E524B6 /* libDeferred.a */ = {
			isa = PBXReferenceProxy;
			fileType = archive.ar;
			path = libDeferred.a;
			remoteRef = 4CA4827C18E5106800E524B6 /* PBXContainerItemProxy */;
			sourceTree = BUILT_PRODUCTS_DIR;
		};
		4CA4827F18E5106800E524B6 /* libDeferred-OSX.a */ = {
			isa = PBXReferenceProxy;
			fileType = archive.ar;
			path = "libDeferred-OSX.a";
			remoteRef = 4CA4827E18E5106800E524B6 /* PBXContainerItemProxy */;
			sourceTree = BUILT_PRODUCTS_DIR;
		};
/* End PBXReferenceProxy section */

/* Begin PBXResourcesBuildPhase section */
		4C1650C718E50CA1000336FD /* Resources */ = {
			isa = PBXResourcesBuildPhase;
			buildActionMask = 2147483647;
			files = (
				4C1650DF18E50CA1000336FD /* Images.xcassets in Resources */,
				4C0B92FF1ACF5D7100DE75AC /* Launch Screen.xib in Resources */,
			);
			runOnlyForDeploymentPostprocessing = 0;
		};
		4C18B1AA1BC4E2CB00CF54F4 /* Resources */ = {
			isa = PBXResourcesBuildPhase;
			buildActionMask = 2147483647;
			files = (
				4C18B1C21BC4E31000CF54F4 /* artists.json in Resources */,
			);
			runOnlyForDeploymentPostprocessing = 0;
		};
/* End PBXResourcesBuildPhase section */

/* Begin PBXSourcesBuildPhase section */
		4C1650C518E50CA1000336FD /* Sources */ = {
			isa = PBXSourcesBuildPhase;
			buildActionMask = 2147483647;
			files = (
				4C8145C218E5173700FA565A /* InjectorKeys.m in Sources */,
				4CAB2EA71ACF600B002AB81E /* RequestProvider.m in Sources */,
				4CAA2CF418E79CEA00488E9B /* ArtistCellPresenter.m in Sources */,
				4CAA2CF018E79C9B00488E9B /* Artist.m in Sources */,
				4C8145BC18E5169700FA565A /* ArtistsViewController.m in Sources */,
				4C8145BE18E5169700FA565A /* UIModule.m in Sources */,
				4C1650DD18E50CA1000336FD /* AppDelegate.m in Sources */,
				4CA3C85F18E77BB70082556D /* ArtistsPresenter.m in Sources */,
				4C1650D918E50CA1000336FD /* main.m in Sources */,
				4CA3C85B18E77B3B0082556D /* CellPresenterDataSource.m in Sources */,
				4CA3C86418E77C840082556D /* ArtistsService.m in Sources */,
				2225F8685C87791451F87892 /* HTTPClient.m in Sources */,
				2225F7DA142A2DA92BDB35F5 /* JSONClient.m in Sources */,
				2225FB3AEBA39757263BC8A9 /* NetworkModule.m in Sources */,
				2225FE5BED01473F71B63378 /* InjectorProvider.m in Sources */,
				2225FD911CE7FDBA49E61750 /* FoundationModule.m in Sources */,
				2225FC41AAD3AC205BA2B147 /* ArtistViewController.m in Sources */,
			);
			runOnlyForDeploymentPostprocessing = 0;
		};
		4C18B1A81BC4E2CB00CF54F4 /* Sources */ = {
			isa = PBXSourcesBuildPhase;
			buildActionMask = 2147483647;
			files = (
				4C18B1BA1BC4E2F300CF54F4 /* ArtistCellPresenterSpec.mm in Sources */,
				4C18B1BE1BC4E30800CF54F4 /* ArtistsServiceSpec.mm in Sources */,
				4C18B1B81BC4E2EA00CF54F4 /* ArtistViewControllerSpec.mm in Sources */,
				4C18B1BF1BC4E30800CF54F4 /* HTTPClientSpec.mm in Sources */,
				4C18B1B71BC4E2E700CF54F4 /* ArtistsViewControllerSpec.mm in Sources */,
				4C18B1BC1BC4E2F900CF54F4 /* CellPresenterDataSourceSpec.mm in Sources */,
				4C18B1B91BC4E2EF00CF54F4 /* FakeCellPresenterDataSource.m in Sources */,
				4C18B1C01BC4E30800CF54F4 /* JSONClientSpec.mm in Sources */,
				4C18B1BB1BC4E2F600CF54F4 /* ArtistsPresenterSpec.mm in Sources */,
				4C18B1C11BC4E30800CF54F4 /* RequestProviderSpec.mm in Sources */,
				4C18B1B61BC4E2E300CF54F4 /* AppDelegateSpec.mm in Sources */,
			);
			runOnlyForDeploymentPostprocessing = 0;
		};
/* End PBXSourcesBuildPhase section */

/* Begin PBXTargetDependency section */
		4C18B1B21BC4E2CC00CF54F4 /* PBXTargetDependency */ = {
			isa = PBXTargetDependency;
			target = 4C1650C818E50CA1000336FD /* BestPractices */;
			targetProxy = 4C18B1B11BC4E2CC00CF54F4 /* PBXContainerItemProxy */;
		};
		4C18B1C41BC4E3CD00CF54F4 /* PBXTargetDependency */ = {
			isa = PBXTargetDependency;
			name = "Cedar-StaticLib";
			targetProxy = 4C18B1C31BC4E3CD00CF54F4 /* PBXContainerItemProxy */;
		};
		4C18B1C71BC4E42C00CF54F4 /* PBXTargetDependency */ = {
			isa = PBXTargetDependency;
			name = "UIKit+PivotalSpecHelper-StaticLib";
			targetProxy = 4C18B1C61BC4E42C00CF54F4 /* PBXContainerItemProxy */;
		};
		4C18B1C91BC4E43000CF54F4 /* PBXTargetDependency */ = {
			isa = PBXTargetDependency;
			name = "UIKit+PivotalSpecHelperStubs-StaticLib";
			targetProxy = 4C18B1C81BC4E43000CF54F4 /* PBXContainerItemProxy */;
		};
		4CA4827018E5100700E524B6 /* PBXTargetDependency */ = {
			isa = PBXTargetDependency;
			name = "Blindside-StaticLib";
			targetProxy = 4CA4826F18E5100700E524B6 /* PBXContainerItemProxy */;
		};
		4CA4828318E5107700E524B6 /* PBXTargetDependency */ = {
			isa = PBXTargetDependency;
			name = Deferred;
			targetProxy = 4CA4828218E5107700E524B6 /* PBXContainerItemProxy */;
		};
/* End PBXTargetDependency section */

/* Begin XCBuildConfiguration section */
		4C1650F318E50CA1000336FD /* Debug */ = {
			isa = XCBuildConfiguration;
			buildSettings = {
				ALWAYS_SEARCH_USER_PATHS = NO;
				CLANG_CXX_LANGUAGE_STANDARD = "gnu++0x";
				CLANG_CXX_LIBRARY = "libc++";
				CLANG_ENABLE_MODULES = YES;
				CLANG_ENABLE_OBJC_ARC = YES;
				CLANG_WARN_BOOL_CONVERSION = YES;
				CLANG_WARN_CONSTANT_CONVERSION = YES;
				CLANG_WARN_DIRECT_OBJC_ISA_USAGE = YES_ERROR;
				CLANG_WARN_EMPTY_BODY = YES;
				CLANG_WARN_ENUM_CONVERSION = YES;
				CLANG_WARN_INT_CONVERSION = YES;
				CLANG_WARN_OBJC_ROOT_CLASS = YES_ERROR;
				CLANG_WARN__DUPLICATE_METHOD_MATCH = YES;
				"CODE_SIGN_IDENTITY[sdk=iphoneos*]" = "iPhone Developer";
				COPY_PHASE_STRIP = NO;
				ENABLE_TESTABILITY = YES;
				GCC_C_LANGUAGE_STANDARD = gnu99;
				GCC_DYNAMIC_NO_PIC = NO;
				GCC_OPTIMIZATION_LEVEL = 0;
				GCC_PREPROCESSOR_DEFINITIONS = (
					"DEBUG=1",
					"$(inherited)",
				);
				GCC_SYMBOLS_PRIVATE_EXTERN = NO;
				GCC_TREAT_WARNINGS_AS_ERRORS = YES;
				GCC_WARN_64_TO_32_BIT_CONVERSION = YES;
				GCC_WARN_ABOUT_RETURN_TYPE = YES_ERROR;
				GCC_WARN_UNDECLARED_SELECTOR = YES;
				GCC_WARN_UNINITIALIZED_AUTOS = YES_AGGRESSIVE;
				GCC_WARN_UNUSED_FUNCTION = YES;
				GCC_WARN_UNUSED_VARIABLE = YES;
				ONLY_ACTIVE_ARCH = YES;
				OTHER_LDFLAGS = (
					"-ObjC",
					"-all_load",
					"-lstdc++",
				);
				SDKROOT = iphoneos;
				USER_HEADER_SEARCH_PATHS = "$(PROJECT_DIR)/Externals/blindside/Headers/Public $(PROJECT_DIR)/Externals/deferred/Deferred";
			};
			name = Debug;
		};
		4C1650F418E50CA1000336FD /* Release */ = {
			isa = XCBuildConfiguration;
			buildSettings = {
				ALWAYS_SEARCH_USER_PATHS = NO;
				CLANG_CXX_LANGUAGE_STANDARD = "gnu++0x";
				CLANG_CXX_LIBRARY = "libc++";
				CLANG_ENABLE_MODULES = YES;
				CLANG_ENABLE_OBJC_ARC = YES;
				CLANG_WARN_BOOL_CONVERSION = YES;
				CLANG_WARN_CONSTANT_CONVERSION = YES;
				CLANG_WARN_DIRECT_OBJC_ISA_USAGE = YES_ERROR;
				CLANG_WARN_EMPTY_BODY = YES;
				CLANG_WARN_ENUM_CONVERSION = YES;
				CLANG_WARN_INT_CONVERSION = YES;
				CLANG_WARN_OBJC_ROOT_CLASS = YES_ERROR;
				CLANG_WARN__DUPLICATE_METHOD_MATCH = YES;
				"CODE_SIGN_IDENTITY[sdk=iphoneos*]" = "iPhone Developer";
				COPY_PHASE_STRIP = YES;
				ENABLE_NS_ASSERTIONS = NO;
				GCC_C_LANGUAGE_STANDARD = gnu99;
				GCC_TREAT_WARNINGS_AS_ERRORS = YES;
				GCC_WARN_64_TO_32_BIT_CONVERSION = YES;
				GCC_WARN_ABOUT_RETURN_TYPE = YES_ERROR;
				GCC_WARN_UNDECLARED_SELECTOR = YES;
				GCC_WARN_UNINITIALIZED_AUTOS = YES_AGGRESSIVE;
				GCC_WARN_UNUSED_FUNCTION = YES;
				GCC_WARN_UNUSED_VARIABLE = YES;
				OTHER_LDFLAGS = (
					"-ObjC",
					"-all_load",
					"-lstdc++",
				);
				SDKROOT = iphoneos;
				USER_HEADER_SEARCH_PATHS = "$(PROJECT_DIR)/Externals/blindside/Headers/Public $(PROJECT_DIR)/Externals/deferred/Deferred";
				VALIDATE_PRODUCT = YES;
			};
			name = Release;
		};
		4C1650F618E50CA1000336FD /* Debug */ = {
			isa = XCBuildConfiguration;
			buildSettings = {
				ASSETCATALOG_COMPILER_APPICON_NAME = AppIcon;
				INFOPLIST_FILE = "BestPractices/BestPractices-Info.plist";
				PRODUCT_BUNDLE_IDENTIFIER = "me.cbg.${PRODUCT_NAME:rfc1034identifier}";
				PRODUCT_NAME = "$(TARGET_NAME)";
				WRAPPER_EXTENSION = app;
			};
			name = Debug;
		};
		4C1650F718E50CA1000336FD /* Release */ = {
			isa = XCBuildConfiguration;
			buildSettings = {
				ASSETCATALOG_COMPILER_APPICON_NAME = AppIcon;
				INFOPLIST_FILE = "BestPractices/BestPractices-Info.plist";
				PRODUCT_BUNDLE_IDENTIFIER = "me.cbg.${PRODUCT_NAME:rfc1034identifier}";
				PRODUCT_NAME = "$(TARGET_NAME)";
				WRAPPER_EXTENSION = app;
			};
			name = Release;
		};
		4C18B1B41BC4E2CC00CF54F4 /* Debug */ = {
			isa = XCBuildConfiguration;
			buildSettings = {
				BUNDLE_LOADER = "$(TEST_HOST)";
				CLANG_WARN_UNREACHABLE_CODE = YES;
				DEBUG_INFORMATION_FORMAT = dwarf;
				ENABLE_STRICT_OBJC_MSGSEND = YES;
				GCC_NO_COMMON_BLOCKS = YES;
				INFOPLIST_FILE = BestPracticesTests/Info.plist;
				IPHONEOS_DEPLOYMENT_TARGET = 9.0;
				LD_RUNPATH_SEARCH_PATHS = "$(inherited) @executable_path/Frameworks @loader_path/Frameworks";
				MTL_ENABLE_DEBUG_INFO = YES;
				PRODUCT_BUNDLE_IDENTIFIER = me.cbg.BestPracticesTests;
				PRODUCT_NAME = "$(TARGET_NAME)";
				TEST_HOST = "$(BUILT_PRODUCTS_DIR)/BestPractices.app/BestPractices";
				USER_HEADER_SEARCH_PATHS = "$(inherited) $(PROJECT_DIR)/Externals/cedar/Source/Headers/Public/**";
			};
			name = Debug;
		};
		4C18B1B51BC4E2CC00CF54F4 /* Release */ = {
			isa = XCBuildConfiguration;
			buildSettings = {
				BUNDLE_LOADER = "$(TEST_HOST)";
				CLANG_WARN_UNREACHABLE_CODE = YES;
				COPY_PHASE_STRIP = NO;
				DEBUG_INFORMATION_FORMAT = "dwarf-with-dsym";
				ENABLE_STRICT_OBJC_MSGSEND = YES;
				GCC_NO_COMMON_BLOCKS = YES;
				INFOPLIST_FILE = BestPracticesTests/Info.plist;
				IPHONEOS_DEPLOYMENT_TARGET = 9.0;
				LD_RUNPATH_SEARCH_PATHS = "$(inherited) @executable_path/Frameworks @loader_path/Frameworks";
				MTL_ENABLE_DEBUG_INFO = NO;
				PRODUCT_BUNDLE_IDENTIFIER = me.cbg.BestPracticesTests;
				PRODUCT_NAME = "$(TARGET_NAME)";
				TEST_HOST = "$(BUILT_PRODUCTS_DIR)/BestPractices.app/BestPractices";
				USER_HEADER_SEARCH_PATHS = "$(inherited) $(PROJECT_DIR)/Externals/cedar/Source/Headers/Public/**";
			};
			name = Release;
		};
/* End XCBuildConfiguration section */

/* Begin XCConfigurationList section */
		4C1650C418E50CA1000336FD /* Build configuration list for PBXProject "BestPractices" */ = {
			isa = XCConfigurationList;
			buildConfigurations = (
				4C1650F318E50CA1000336FD /* Debug */,
				4C1650F418E50CA1000336FD /* Release */,
			);
			defaultConfigurationIsVisible = 0;
			defaultConfigurationName = Release;
		};
		4C1650F518E50CA1000336FD /* Build configuration list for PBXNativeTarget "BestPractices" */ = {
			isa = XCConfigurationList;
			buildConfigurations = (
				4C1650F618E50CA1000336FD /* Debug */,
				4C1650F718E50CA1000336FD /* Release */,
			);
			defaultConfigurationIsVisible = 0;
			defaultConfigurationName = Release;
		};
		4C18B1B31BC4E2CC00CF54F4 /* Build configuration list for PBXNativeTarget "BestPracticesTests" */ = {
			isa = XCConfigurationList;
			buildConfigurations = (
				4C18B1B41BC4E2CC00CF54F4 /* Debug */,
				4C18B1B51BC4E2CC00CF54F4 /* Release */,
			);
			defaultConfigurationIsVisible = 0;
		};
/* End XCConfigurationList section */
	};
	rootObject = 4C1650C118E50CA1000336FD /* Project object */;
}
