// !$*UTF8*$!
{
	archiveVersion = 1;
	classes = {
	};
	objectVersion = 46;
	objects = {

/* Begin PBXBuildFile section */
		4C1650CD18E50CA1000336FD /* Foundation.framework in Frameworks */ = {isa = PBXBuildFile; fileRef = 4C1650CC18E50CA1000336FD /* Foundation.framework */; };
		4C1650CF18E50CA1000336FD /* CoreGraphics.framework in Frameworks */ = {isa = PBXBuildFile; fileRef = 4C1650CE18E50CA1000336FD /* CoreGraphics.framework */; };
		4C1650D118E50CA1000336FD /* UIKit.framework in Frameworks */ = {isa = PBXBuildFile; fileRef = 4C1650D018E50CA1000336FD /* UIKit.framework */; };
		4C1650D918E50CA1000336FD /* main.m in Sources */ = {isa = PBXBuildFile; fileRef = 4C1650D818E50CA1000336FD /* main.m */; };
		4C1650DD18E50CA1000336FD /* AppDelegate.m in Sources */ = {isa = PBXBuildFile; fileRef = 4C1650DC18E50CA1000336FD /* AppDelegate.m */; };
		4C1650DF18E50CA1000336FD /* Images.xcassets in Resources */ = {isa = PBXBuildFile; fileRef = 4C1650DE18E50CA1000336FD /* Images.xcassets */; };
/* End PBXBuildFile section */

/* Begin PBXFileReference section */
		4C1650C918E50CA1000336FD /* BestPractices.app */ = {isa = PBXFileReference; explicitFileType = wrapper.application; includeInIndex = 0; path = BestPractices.app; sourceTree = BUILT_PRODUCTS_DIR; };
		4C1650CC18E50CA1000336FD /* Foundation.framework */ = {isa = PBXFileReference; lastKnownFileType = wrapper.framework; name = Foundation.framework; path = System/Library/Frameworks/Foundation.framework; sourceTree = SDKROOT; };
		4C1650CE18E50CA1000336FD /* CoreGraphics.framework */ = {isa = PBXFileReference; lastKnownFileType = wrapper.framework; name = CoreGraphics.framework; path = System/Library/Frameworks/CoreGraphics.framework; sourceTree = SDKROOT; };
		4C1650D018E50CA1000336FD /* UIKit.framework */ = {isa = PBXFileReference; lastKnownFileType = wrapper.framework; name = UIKit.framework; path = System/Library/Frameworks/UIKit.framework; sourceTree = SDKROOT; };
		4C1650D418E50CA1000336FD /* BestPractices-Info.plist */ = {isa = PBXFileReference; lastKnownFileType = text.plist.xml; path = "BestPractices-Info.plist"; sourceTree = "<group>"; };
		4C1650D818E50CA1000336FD /* main.m */ = {isa = PBXFileReference; lastKnownFileType = sourcecode.c.objc; path = main.m; sourceTree = "<group>"; };
		4C1650DA18E50CA1000336FD /* BestPractices-Prefix.pch */ = {isa = PBXFileReference; lastKnownFileType = sourcecode.c.h; path = "BestPractices-Prefix.pch"; sourceTree = "<group>"; };
		4C1650DB18E50CA1000336FD /* AppDelegate.h */ = {isa = PBXFileReference; lastKnownFileType = sourcecode.c.h; path = AppDelegate.h; sourceTree = "<group>"; };
		4C1650DC18E50CA1000336FD /* AppDelegate.m */ = {isa = PBXFileReference; lastKnownFileType = sourcecode.c.objc; path = AppDelegate.m; sourceTree = "<group>"; };
		4C1650DE18E50CA1000336FD /* Images.xcassets */ = {isa = PBXFileReference; lastKnownFileType = folder.assetcatalog; path = Images.xcassets; sourceTree = "<group>"; };
		4C1650E518E50CA1000336FD /* XCTest.framework */ = {isa = PBXFileReference; lastKnownFileType = wrapper.framework; name = XCTest.framework; path = Library/Frameworks/XCTest.framework; sourceTree = DEVELOPER_DIR; };
/* End PBXFileReference section */

/* Begin PBXFrameworksBuildPhase section */
		4C1650C618E50CA1000336FD /* Frameworks */ = {
			isa = PBXFrameworksBuildPhase;
			buildActionMask = 2147483647;
			files = (
				4C1650CF18E50CA1000336FD /* CoreGraphics.framework in Frameworks */,
				4C1650D118E50CA1000336FD /* UIKit.framework in Frameworks */,
				4C1650CD18E50CA1000336FD /* Foundation.framework in Frameworks */,
			);
			runOnlyForDeploymentPostprocessing = 0;
		};
/* End PBXFrameworksBuildPhase section */

/* Begin PBXGroup section */
		4C1650C018E50CA1000336FD = {
			isa = PBXGroup;
			children = (
				4C1650D218E50CA1000336FD /* BestPractices */,
				4C1650CB18E50CA1000336FD /* Frameworks */,
				4C1650CA18E50CA1000336FD /* Products */,
			);
			sourceTree = "<group>";
		};
		4C1650CA18E50CA1000336FD /* Products */ = {
			isa = PBXGroup;
			children = (
				4C1650C918E50CA1000336FD /* BestPractices.app */,
			);
			name = Products;
			sourceTree = "<group>";
		};
		4C1650CB18E50CA1000336FD /* Frameworks */ = {
			isa = PBXGroup;
			children = (
				4C1650CC18E50CA1000336FD /* Foundation.framework */,
				4C1650CE18E50CA1000336FD /* CoreGraphics.framework */,
				4C1650D018E50CA1000336FD /* UIKit.framework */,
				4C1650E518E50CA1000336FD /* XCTest.framework */,
			);
			name = Frameworks;
			sourceTree = "<group>";
		};
		4C1650D218E50CA1000336FD /* BestPractices */ = {
			isa = PBXGroup;
			children = (
				4C1650DB18E50CA1000336FD /* AppDelegate.h */,
				4C1650DC18E50CA1000336FD /* AppDelegate.m */,
				4C1650DE18E50CA1000336FD /* Images.xcassets */,
				4C1650D318E50CA1000336FD /* Supporting Files */,
			);
			path = BestPractices;
			sourceTree = "<group>";
		};
		4C1650D318E50CA1000336FD /* Supporting Files */ = {
			isa = PBXGroup;
			children = (
				4C1650D418E50CA1000336FD /* BestPractices-Info.plist */,
				4C1650D818E50CA1000336FD /* main.m */,
				4C1650DA18E50CA1000336FD /* BestPractices-Prefix.pch */,
			);
			name = "Supporting Files";
			sourceTree = "<group>";
		};
/* End PBXGroup section */

/* Begin PBXNativeTarget section */
		4C1650C818E50CA1000336FD /* BestPractices */ = {
			isa = PBXNativeTarget;
			buildConfigurationList = 4C1650F518E50CA1000336FD /* Build configuration list for PBXNativeTarget "BestPractices" */;
			buildPhases = (
				4C1650C518E50CA1000336FD /* Sources */,
				4C1650C618E50CA1000336FD /* Frameworks */,
				4C1650C718E50CA1000336FD /* Resources */,
			);
			buildRules = (
			);
			dependencies = (
			);
			name = BestPractices;
			productName = BestPractices;
			productReference = 4C1650C918E50CA1000336FD /* BestPractices.app */;
			productType = "com.apple.product-type.application";
		};
/* End PBXNativeTarget section */

/* Begin PBXProject section */
		4C1650C118E50CA1000336FD /* Project object */ = {
			isa = PBXProject;
			attributes = {
				LastUpgradeCheck = 0510;
				ORGANIZATIONNAME = CBG;
			};
			buildConfigurationList = 4C1650C418E50CA1000336FD /* Build configuration list for PBXProject "BestPractices" */;
			compatibilityVersion = "Xcode 3.2";
			developmentRegion = English;
			hasScannedForEncodings = 0;
			knownRegions = (
				en,
			);
			mainGroup = 4C1650C018E50CA1000336FD;
			productRefGroup = 4C1650CA18E50CA1000336FD /* Products */;
			projectDirPath = "";
			projectRoot = "";
			targets = (
				4C1650C818E50CA1000336FD /* BestPractices */,
			);
		};
/* End PBXProject section */

/* Begin PBXResourcesBuildPhase section */
		4C1650C718E50CA1000336FD /* Resources */ = {
			isa = PBXResourcesBuildPhase;
			buildActionMask = 2147483647;
			files = (
				4C1650DF18E50CA1000336FD /* Images.xcassets in Resources */,
			);
			runOnlyForDeploymentPostprocessing = 0;
		};
/* End PBXResourcesBuildPhase section */

/* Begin PBXSourcesBuildPhase section */
		4C1650C518E50CA1000336FD /* Sources */ = {
			isa = PBXSourcesBuildPhase;
			buildActionMask = 2147483647;
			files = (
				4C1650DD18E50CA1000336FD /* AppDelegate.m in Sources */,
				4C1650D918E50CA1000336FD /* main.m in Sources */,
			);
			runOnlyForDeploymentPostprocessing = 0;
		};
/* End PBXSourcesBuildPhase section */

/* Begin XCBuildConfiguration section */
		4C1650F318E50CA1000336FD /* Debug */ = {
			isa = XCBuildConfiguration;
			buildSettings = {
				ALWAYS_SEARCH_USER_PATHS = NO;
				CLANG_CXX_LANGUAGE_STANDARD = "gnu++0x";
				CLANG_CXX_LIBRARY = "libc++";
				CLANG_ENABLE_MODULES = YES;
				CLANG_ENABLE_OBJC_ARC = YES;
				CLANG_WARN_BOOL_CONVERSION = YES;
				CLANG_WARN_CONSTANT_CONVERSION = YES;
				CLANG_WARN_DIRECT_OBJC_ISA_USAGE = YES_ERROR;
				CLANG_WARN_EMPTY_BODY = YES;
				CLANG_WARN_ENUM_CONVERSION = YES;
				CLANG_WARN_INT_CONVERSION = YES;
				CLANG_WARN_OBJC_ROOT_CLASS = YES_ERROR;
				CLANG_WARN__DUPLICATE_METHOD_MATCH = YES;
				"CODE_SIGN_IDENTITY[sdk=iphoneos*]" = "iPhone Developer";
				COPY_PHASE_STRIP = NO;
				GCC_C_LANGUAGE_STANDARD = gnu99;
				GCC_DYNAMIC_NO_PIC = NO;
				GCC_OPTIMIZATION_LEVEL = 0;
				GCC_PREPROCESSOR_DEFINITIONS = (
					"DEBUG=1",
					"$(inherited)",
				);
				GCC_SYMBOLS_PRIVATE_EXTERN = NO;
				GCC_WARN_64_TO_32_BIT_CONVERSION = YES;
				GCC_WARN_ABOUT_RETURN_TYPE = YES_ERROR;
				GCC_WARN_UNDECLARED_SELECTOR = YES;
				GCC_WARN_UNINITIALIZED_AUTOS = YES_AGGRESSIVE;
				GCC_WARN_UNUSED_FUNCTION = YES;
				GCC_WARN_UNUSED_VARIABLE = YES;
				IPHONEOS_DEPLOYMENT_TARGET = 7.1;
				ONLY_ACTIVE_ARCH = YES;
				SDKROOT = iphoneos;
			};
			name = Debug;
		};
		4C1650F418E50CA1000336FD /* Release */ = {
			isa = XCBuildConfiguration;
			buildSettings = {
				ALWAYS_SEARCH_USER_PATHS = NO;
				CLANG_CXX_LANGUAGE_STANDARD = "gnu++0x";
				CLANG_CXX_LIBRARY = "libc++";
				CLANG_ENABLE_MODULES = YES;
				CLANG_ENABLE_OBJC_ARC = YES;
				CLANG_WARN_BOOL_CONVERSION = YES;
				CLANG_WARN_CONSTANT_CONVERSION = YES;
				CLANG_WARN_DIRECT_OBJC_ISA_USAGE = YES_ERROR;
				CLANG_WARN_EMPTY_BODY = YES;
				CLANG_WARN_ENUM_CONVERSION = YES;
				CLANG_WARN_INT_CONVERSION = YES;
				CLANG_WARN_OBJC_ROOT_CLASS = YES_ERROR;
				CLANG_WARN__DUPLICATE_METHOD_MATCH = YES;
				"CODE_SIGN_IDENTITY[sdk=iphoneos*]" = "iPhone Developer";
				COPY_PHASE_STRIP = YES;
				ENABLE_NS_ASSERTIONS = NO;
				GCC_C_LANGUAGE_STANDARD = gnu99;
				GCC_WARN_64_TO_32_BIT_CONVERSION = YES;
				GCC_WARN_ABOUT_RETURN_TYPE = YES_ERROR;
				GCC_WARN_UNDECLARED_SELECTOR = YES;
				GCC_WARN_UNINITIALIZED_AUTOS = YES_AGGRESSIVE;
				GCC_WARN_UNUSED_FUNCTION = YES;
				GCC_WARN_UNUSED_VARIABLE = YES;
				IPHONEOS_DEPLOYMENT_TARGET = 7.1;
				SDKROOT = iphoneos;
				VALIDATE_PRODUCT = YES;
			};
			name = Release;
		};
		4C1650F618E50CA1000336FD /* Debug */ = {
			isa = XCBuildConfiguration;
			buildSettings = {
				ASSETCATALOG_COMPILER_APPICON_NAME = AppIcon;
				ASSETCATALOG_COMPILER_LAUNCHIMAGE_NAME = LaunchImage;
				GCC_PRECOMPILE_PREFIX_HEADER = YES;
				GCC_PREFIX_HEADER = "BestPractices/BestPractices-Prefix.pch";
				INFOPLIST_FILE = "BestPractices/BestPractices-Info.plist";
				PRODUCT_NAME = "$(TARGET_NAME)";
				WRAPPER_EXTENSION = app;
			};
			name = Debug;
		};
		4C1650F718E50CA1000336FD /* Release */ = {
			isa = XCBuildConfiguration;
			buildSettings = {
				ASSETCATALOG_COMPILER_APPICON_NAME = AppIcon;
				ASSETCATALOG_COMPILER_LAUNCHIMAGE_NAME = LaunchImage;
				GCC_PRECOMPILE_PREFIX_HEADER = YES;
				GCC_PREFIX_HEADER = "BestPractices/BestPractices-Prefix.pch";
				INFOPLIST_FILE = "BestPractices/BestPractices-Info.plist";
				PRODUCT_NAME = "$(TARGET_NAME)";
				WRAPPER_EXTENSION = app;
			};
			name = Release;
		};
/* End XCBuildConfiguration section */

/* Begin XCConfigurationList section */
		4C1650C418E50CA1000336FD /* Build configuration list for PBXProject "BestPractices" */ = {
			isa = XCConfigurationList;
			buildConfigurations = (
				4C1650F318E50CA1000336FD /* Debug */,
				4C1650F418E50CA1000336FD /* Release */,
			);
			defaultConfigurationIsVisible = 0;
			defaultConfigurationName = Release;
		};
		4C1650F518E50CA1000336FD /* Build configuration list for PBXNativeTarget "BestPractices" */ = {
			isa = XCConfigurationList;
			buildConfigurations = (
				4C1650F618E50CA1000336FD /* Debug */,
				4C1650F718E50CA1000336FD /* Release */,
			);
			defaultConfigurationIsVisible = 0;
			defaultConfigurationName = Release;
		};
/* End XCConfigurationList section */
	};
	rootObject = 4C1650C118E50CA1000336FD /* Project object */;
}
